// !$*UTF8*$!
{
	archiveVersion = 1;
	classes = {
	};
	objectVersion = 46;
	objects = {

/* Begin PBXBuildFile section */
		C278CA8B1C40F146005DCFB5 /* QiitaKit.h in Headers */ = {isa = PBXBuildFile; fileRef = C278CA8A1C40F146005DCFB5 /* QiitaKit.h */; settings = {ATTRIBUTES = (Public, ); }; };
		C278CA921C40F146005DCFB5 /* QiitaKit.framework in Frameworks */ = {isa = PBXBuildFile; fileRef = C278CA871C40F146005DCFB5 /* QiitaKit.framework */; };
		C278CA971C40F146005DCFB5 /* QiitaKitTests.swift in Sources */ = {isa = PBXBuildFile; fileRef = C278CA961C40F146005DCFB5 /* QiitaKitTests.swift */; };
		C278CAB81C40F51A005DCFB5 /* AccessTokenRequest.swift in Sources */ = {isa = PBXBuildFile; fileRef = C278CAB21C40F51A005DCFB5 /* AccessTokenRequest.swift */; };
		C278CAB91C40F51A005DCFB5 /* AuthenticatedUserRequest.swift in Sources */ = {isa = PBXBuildFile; fileRef = C278CAB31C40F51A005DCFB5 /* AuthenticatedUserRequest.swift */; };
		C278CABA1C40F51A005DCFB5 /* AuthorizeRequest.swift in Sources */ = {isa = PBXBuildFile; fileRef = C278CAB41C40F51A005DCFB5 /* AuthorizeRequest.swift */; };
		C278CABB1C40F51A005DCFB5 /* FollowingTagsRequest.swift in Sources */ = {isa = PBXBuildFile; fileRef = C278CAB51C40F51A005DCFB5 /* FollowingTagsRequest.swift */; };
		C278CABC1C40F51A005DCFB5 /* ItemsRequest.swift in Sources */ = {isa = PBXBuildFile; fileRef = C278CAB61C40F51A005DCFB5 /* ItemsRequest.swift */; };
		C278CABD1C40F51A005DCFB5 /* QiitaRequestType.swift in Sources */ = {isa = PBXBuildFile; fileRef = C278CAB71C40F51A005DCFB5 /* QiitaRequestType.swift */; };
		C278CAC31C40F52F005DCFB5 /* AccessTokenResponse.swift in Sources */ = {isa = PBXBuildFile; fileRef = C278CABE1C40F52F005DCFB5 /* AccessTokenResponse.swift */; };
		C278CAC41C40F52F005DCFB5 /* AuthenticatedUser.swift in Sources */ = {isa = PBXBuildFile; fileRef = C278CABF1C40F52F005DCFB5 /* AuthenticatedUser.swift */; };
		C278CAC51C40F52F005DCFB5 /* PostItem.swift in Sources */ = {isa = PBXBuildFile; fileRef = C278CAC01C40F52F005DCFB5 /* PostItem.swift */; };
		C278CAC61C40F52F005DCFB5 /* Tag.swift in Sources */ = {isa = PBXBuildFile; fileRef = C278CAC11C40F52F005DCFB5 /* Tag.swift */; };
		C278CAC71C40F52F005DCFB5 /* User.swift in Sources */ = {isa = PBXBuildFile; fileRef = C278CAC21C40F52F005DCFB5 /* User.swift */; };
		C278CAC91C40F54E005DCFB5 /* AuthManager.swift in Sources */ = {isa = PBXBuildFile; fileRef = C278CAC81C40F54E005DCFB5 /* AuthManager.swift */; };
/* End PBXBuildFile section */

/* Begin PBXContainerItemProxy section */
		C278CA931C40F146005DCFB5 /* PBXContainerItemProxy */ = {
			isa = PBXContainerItemProxy;
			containerPortal = C278CA7E1C40F146005DCFB5 /* Project object */;
			proxyType = 1;
			remoteGlobalIDString = C278CA861C40F146005DCFB5;
			remoteInfo = QiitaKit;
		};
/* End PBXContainerItemProxy section */

/* Begin PBXFileReference section */
		C278CA871C40F146005DCFB5 /* QiitaKit.framework */ = {isa = PBXFileReference; explicitFileType = wrapper.framework; includeInIndex = 0; path = QiitaKit.framework; sourceTree = BUILT_PRODUCTS_DIR; };
		C278CA8A1C40F146005DCFB5 /* QiitaKit.h */ = {isa = PBXFileReference; lastKnownFileType = sourcecode.c.h; path = QiitaKit.h; sourceTree = "<group>"; };
		C278CA8C1C40F146005DCFB5 /* Info.plist */ = {isa = PBXFileReference; lastKnownFileType = text.plist.xml; path = Info.plist; sourceTree = "<group>"; };
		C278CA911C40F146005DCFB5 /* QiitaKitTests.xctest */ = {isa = PBXFileReference; explicitFileType = wrapper.cfbundle; includeInIndex = 0; path = QiitaKitTests.xctest; sourceTree = BUILT_PRODUCTS_DIR; };
		C278CA961C40F146005DCFB5 /* QiitaKitTests.swift */ = {isa = PBXFileReference; lastKnownFileType = sourcecode.swift; path = QiitaKitTests.swift; sourceTree = "<group>"; };
		C278CA981C40F146005DCFB5 /* Info.plist */ = {isa = PBXFileReference; lastKnownFileType = text.plist.xml; path = Info.plist; sourceTree = "<group>"; };
		C278CAB21C40F51A005DCFB5 /* AccessTokenRequest.swift */ = {isa = PBXFileReference; fileEncoding = 4; lastKnownFileType = sourcecode.swift; path = AccessTokenRequest.swift; sourceTree = "<group>"; };
		C278CAB31C40F51A005DCFB5 /* AuthenticatedUserRequest.swift */ = {isa = PBXFileReference; fileEncoding = 4; lastKnownFileType = sourcecode.swift; path = AuthenticatedUserRequest.swift; sourceTree = "<group>"; };
		C278CAB41C40F51A005DCFB5 /* AuthorizeRequest.swift */ = {isa = PBXFileReference; fileEncoding = 4; lastKnownFileType = sourcecode.swift; path = AuthorizeRequest.swift; sourceTree = "<group>"; };
		C278CAB51C40F51A005DCFB5 /* FollowingTagsRequest.swift */ = {isa = PBXFileReference; fileEncoding = 4; lastKnownFileType = sourcecode.swift; path = FollowingTagsRequest.swift; sourceTree = "<group>"; };
		C278CAB61C40F51A005DCFB5 /* ItemsRequest.swift */ = {isa = PBXFileReference; fileEncoding = 4; lastKnownFileType = sourcecode.swift; path = ItemsRequest.swift; sourceTree = "<group>"; };
		C278CAB71C40F51A005DCFB5 /* QiitaRequestType.swift */ = {isa = PBXFileReference; fileEncoding = 4; lastKnownFileType = sourcecode.swift; path = QiitaRequestType.swift; sourceTree = "<group>"; };
		C278CABE1C40F52F005DCFB5 /* AccessTokenResponse.swift */ = {isa = PBXFileReference; fileEncoding = 4; lastKnownFileType = sourcecode.swift; path = AccessTokenResponse.swift; sourceTree = "<group>"; };
		C278CABF1C40F52F005DCFB5 /* AuthenticatedUser.swift */ = {isa = PBXFileReference; fileEncoding = 4; lastKnownFileType = sourcecode.swift; path = AuthenticatedUser.swift; sourceTree = "<group>"; };
		C278CAC01C40F52F005DCFB5 /* PostItem.swift */ = {isa = PBXFileReference; fileEncoding = 4; lastKnownFileType = sourcecode.swift; path = PostItem.swift; sourceTree = "<group>"; };
		C278CAC11C40F52F005DCFB5 /* Tag.swift */ = {isa = PBXFileReference; fileEncoding = 4; lastKnownFileType = sourcecode.swift; path = Tag.swift; sourceTree = "<group>"; };
		C278CAC21C40F52F005DCFB5 /* User.swift */ = {isa = PBXFileReference; fileEncoding = 4; lastKnownFileType = sourcecode.swift; path = User.swift; sourceTree = "<group>"; };
		C278CAC81C40F54E005DCFB5 /* AuthManager.swift */ = {isa = PBXFileReference; fileEncoding = 4; lastKnownFileType = sourcecode.swift; path = AuthManager.swift; sourceTree = "<group>"; };
/* End PBXFileReference section */

/* Begin PBXFrameworksBuildPhase section */
		C278CA831C40F146005DCFB5 /* Frameworks */ = {
			isa = PBXFrameworksBuildPhase;
			buildActionMask = 2147483647;
			files = (
			);
			runOnlyForDeploymentPostprocessing = 0;
		};
		C278CA8E1C40F146005DCFB5 /* Frameworks */ = {
			isa = PBXFrameworksBuildPhase;
			buildActionMask = 2147483647;
			files = (
				C278CA921C40F146005DCFB5 /* QiitaKit.framework in Frameworks */,
			);
			runOnlyForDeploymentPostprocessing = 0;
		};
/* End PBXFrameworksBuildPhase section */

/* Begin PBXGroup section */
		C278CA7D1C40F146005DCFB5 = {
			isa = PBXGroup;
			children = (
				C278CA891C40F146005DCFB5 /* QiitaKit */,
				C278CA951C40F146005DCFB5 /* QiitaKitTests */,
				C278CA881C40F146005DCFB5 /* Products */,
			);
			sourceTree = "<group>";
		};
		C278CA881C40F146005DCFB5 /* Products */ = {
			isa = PBXGroup;
			children = (
				C278CA871C40F146005DCFB5 /* QiitaKit.framework */,
				C278CA911C40F146005DCFB5 /* QiitaKitTests.xctest */,
			);
			name = Products;
			sourceTree = "<group>";
		};
		C278CA891C40F146005DCFB5 /* QiitaKit */ = {
			isa = PBXGroup;
			children = (
				C278CAAA1C40F388005DCFB5 /* Classes */,
				C278CAAF1C40F44E005DCFB5 /* Frameworks */,
				C278CAAB1C40F394005DCFB5 /* SupportingFiles */,
			);
			path = QiitaKit;
			sourceTree = "<group>";
		};
		C278CA951C40F146005DCFB5 /* QiitaKitTests */ = {
			isa = PBXGroup;
			children = (
				C278CA981C40F146005DCFB5 /* Info.plist */,
				C278CA961C40F146005DCFB5 /* QiitaKitTests.swift */,
			);
			path = QiitaKitTests;
			sourceTree = "<group>";
		};
		C278CAAA1C40F388005DCFB5 /* Classes */ = {
			isa = PBXGroup;
			children = (
				C278CAAE1C40F444005DCFB5 /* Managers */,
				C278CAAD1C40F43E005DCFB5 /* Requests */,
				C278CAAC1C40F424005DCFB5 /* Entities */,
			);
			path = Classes;
			sourceTree = "<group>";
		};
		C278CAAB1C40F394005DCFB5 /* SupportingFiles */ = {
			isa = PBXGroup;
			children = (
				C278CA8C1C40F146005DCFB5 /* Info.plist */,
				C278CA8A1C40F146005DCFB5 /* QiitaKit.h */,
			);
			path = SupportingFiles;
			sourceTree = "<group>";
		};
		C278CAAC1C40F424005DCFB5 /* Entities */ = {
			isa = PBXGroup;
			children = (
				C278CABE1C40F52F005DCFB5 /* AccessTokenResponse.swift */,
				C278CABF1C40F52F005DCFB5 /* AuthenticatedUser.swift */,
				C278CAC01C40F52F005DCFB5 /* PostItem.swift */,
				C278CAC11C40F52F005DCFB5 /* Tag.swift */,
				C278CAC21C40F52F005DCFB5 /* User.swift */,
			);
			path = Entities;
			sourceTree = "<group>";
		};
		C278CAAD1C40F43E005DCFB5 /* Requests */ = {
			isa = PBXGroup;
			children = (
				C278CAB21C40F51A005DCFB5 /* AccessTokenRequest.swift */,
				C278CAB31C40F51A005DCFB5 /* AuthenticatedUserRequest.swift */,
				C278CAB41C40F51A005DCFB5 /* AuthorizeRequest.swift */,
				C278CAB51C40F51A005DCFB5 /* FollowingTagsRequest.swift */,
				C278CAB61C40F51A005DCFB5 /* ItemsRequest.swift */,
				C278CAB71C40F51A005DCFB5 /* QiitaRequestType.swift */,
			);
			path = Requests;
			sourceTree = "<group>";
		};
		C278CAAE1C40F444005DCFB5 /* Managers */ = {
			isa = PBXGroup;
			children = (
				C278CAC81C40F54E005DCFB5 /* AuthManager.swift */,
			);
			path = Managers;
			sourceTree = "<group>";
		};
		C278CAAF1C40F44E005DCFB5 /* Frameworks */ = {
			isa = PBXGroup;
			children = (
			);
			name = Frameworks;
			sourceTree = "<group>";
		};
/* End PBXGroup section */

/* Begin PBXHeadersBuildPhase section */
		C278CA841C40F146005DCFB5 /* Headers */ = {
			isa = PBXHeadersBuildPhase;
			buildActionMask = 2147483647;
			files = (
				C278CA8B1C40F146005DCFB5 /* QiitaKit.h in Headers */,
			);
			runOnlyForDeploymentPostprocessing = 0;
		};
/* End PBXHeadersBuildPhase section */

/* Begin PBXNativeTarget section */
		C278CA861C40F146005DCFB5 /* QiitaKit */ = {
			isa = PBXNativeTarget;
			buildConfigurationList = C278CA9B1C40F146005DCFB5 /* Build configuration list for PBXNativeTarget "QiitaKit" */;
			buildPhases = (
				C278CA821C40F146005DCFB5 /* Sources */,
				C278CA831C40F146005DCFB5 /* Frameworks */,
				C278CA841C40F146005DCFB5 /* Headers */,
				C278CA851C40F146005DCFB5 /* Resources */,
			);
			buildRules = (
			);
			dependencies = (
			);
			name = QiitaKit;
			productName = QiitaKit;
			productReference = C278CA871C40F146005DCFB5 /* QiitaKit.framework */;
			productType = "com.apple.product-type.framework";
		};
		C278CA901C40F146005DCFB5 /* QiitaKitTests */ = {
			isa = PBXNativeTarget;
			buildConfigurationList = C278CA9E1C40F146005DCFB5 /* Build configuration list for PBXNativeTarget "QiitaKitTests" */;
			buildPhases = (
				C278CA8D1C40F146005DCFB5 /* Sources */,
				C278CA8E1C40F146005DCFB5 /* Frameworks */,
				C278CA8F1C40F146005DCFB5 /* Resources */,
			);
			buildRules = (
			);
			dependencies = (
				C278CA941C40F146005DCFB5 /* PBXTargetDependency */,
			);
			name = QiitaKitTests;
			productName = QiitaKitTests;
			productReference = C278CA911C40F146005DCFB5 /* QiitaKitTests.xctest */;
			productType = "com.apple.product-type.bundle.unit-test";
		};
/* End PBXNativeTarget section */

/* Begin PBXProject section */
		C278CA7E1C40F146005DCFB5 /* Project object */ = {
			isa = PBXProject;
			attributes = {
				LastSwiftUpdateCheck = 0720;
				LastUpgradeCheck = 0720;
				ORGANIZATIONNAME = kyo__hei;
				TargetAttributes = {
					C278CA861C40F146005DCFB5 = {
						CreatedOnToolsVersion = 7.2;
					};
					C278CA901C40F146005DCFB5 = {
						CreatedOnToolsVersion = 7.2;
					};
				};
			};
			buildConfigurationList = C278CA811C40F146005DCFB5 /* Build configuration list for PBXProject "QiitaKit" */;
			compatibilityVersion = "Xcode 3.2";
			developmentRegion = English;
			hasScannedForEncodings = 0;
			knownRegions = (
				en,
			);
			mainGroup = C278CA7D1C40F146005DCFB5;
			productRefGroup = C278CA881C40F146005DCFB5 /* Products */;
			projectDirPath = "";
			projectRoot = "";
			targets = (
				C278CA861C40F146005DCFB5 /* QiitaKit */,
				C278CA901C40F146005DCFB5 /* QiitaKitTests */,
			);
		};
/* End PBXProject section */

/* Begin PBXResourcesBuildPhase section */
		C278CA851C40F146005DCFB5 /* Resources */ = {
			isa = PBXResourcesBuildPhase;
			buildActionMask = 2147483647;
			files = (
			);
			runOnlyForDeploymentPostprocessing = 0;
		};
		C278CA8F1C40F146005DCFB5 /* Resources */ = {
			isa = PBXResourcesBuildPhase;
			buildActionMask = 2147483647;
			files = (
			);
			runOnlyForDeploymentPostprocessing = 0;
		};
/* End PBXResourcesBuildPhase section */

/* Begin PBXSourcesBuildPhase section */
		C278CA821C40F146005DCFB5 /* Sources */ = {
			isa = PBXSourcesBuildPhase;
			buildActionMask = 2147483647;
			files = (
				C278CAC51C40F52F005DCFB5 /* PostItem.swift in Sources */,
				C278CAC91C40F54E005DCFB5 /* AuthManager.swift in Sources */,
				C278CAB91C40F51A005DCFB5 /* AuthenticatedUserRequest.swift in Sources */,
				C278CAC61C40F52F005DCFB5 /* Tag.swift in Sources */,
				C278CAB81C40F51A005DCFB5 /* AccessTokenRequest.swift in Sources */,
				C278CABC1C40F51A005DCFB5 /* ItemsRequest.swift in Sources */,
				C278CABB1C40F51A005DCFB5 /* FollowingTagsRequest.swift in Sources */,
				C278CAC41C40F52F005DCFB5 /* AuthenticatedUser.swift in Sources */,
				C278CAC31C40F52F005DCFB5 /* AccessTokenResponse.swift in Sources */,
				C278CABD1C40F51A005DCFB5 /* QiitaRequestType.swift in Sources */,
				C278CABA1C40F51A005DCFB5 /* AuthorizeRequest.swift in Sources */,
				C278CAC71C40F52F005DCFB5 /* User.swift in Sources */,
			);
			runOnlyForDeploymentPostprocessing = 0;
		};
		C278CA8D1C40F146005DCFB5 /* Sources */ = {
			isa = PBXSourcesBuildPhase;
			buildActionMask = 2147483647;
			files = (
				C278CA971C40F146005DCFB5 /* QiitaKitTests.swift in Sources */,
			);
			runOnlyForDeploymentPostprocessing = 0;
		};
/* End PBXSourcesBuildPhase section */

/* Begin PBXTargetDependency section */
		C278CA941C40F146005DCFB5 /* PBXTargetDependency */ = {
			isa = PBXTargetDependency;
			target = C278CA861C40F146005DCFB5 /* QiitaKit */;
			targetProxy = C278CA931C40F146005DCFB5 /* PBXContainerItemProxy */;
		};
/* End PBXTargetDependency section */

/* Begin XCBuildConfiguration section */
		C278CA991C40F146005DCFB5 /* Debug */ = {
			isa = XCBuildConfiguration;
			buildSettings = {
				ALWAYS_SEARCH_USER_PATHS = NO;
				CLANG_CXX_LANGUAGE_STANDARD = "gnu++0x";
				CLANG_CXX_LIBRARY = "libc++";
				CLANG_ENABLE_MODULES = YES;
				CLANG_ENABLE_OBJC_ARC = YES;
				CLANG_WARN_BOOL_CONVERSION = YES;
				CLANG_WARN_CONSTANT_CONVERSION = YES;
				CLANG_WARN_DIRECT_OBJC_ISA_USAGE = YES_ERROR;
				CLANG_WARN_EMPTY_BODY = YES;
				CLANG_WARN_ENUM_CONVERSION = YES;
				CLANG_WARN_INT_CONVERSION = YES;
				CLANG_WARN_OBJC_ROOT_CLASS = YES_ERROR;
				CLANG_WARN_UNREACHABLE_CODE = YES;
				CLANG_WARN__DUPLICATE_METHOD_MATCH = YES;
				"CODE_SIGN_IDENTITY[sdk=iphoneos*]" = "iPhone Developer";
				COPY_PHASE_STRIP = NO;
				CURRENT_PROJECT_VERSION = 1;
				DEBUG_INFORMATION_FORMAT = dwarf;
				ENABLE_STRICT_OBJC_MSGSEND = YES;
				ENABLE_TESTABILITY = YES;
				GCC_C_LANGUAGE_STANDARD = gnu99;
				GCC_DYNAMIC_NO_PIC = NO;
				GCC_NO_COMMON_BLOCKS = YES;
				GCC_OPTIMIZATION_LEVEL = 0;
				GCC_PREPROCESSOR_DEFINITIONS = (
					"DEBUG=1",
					"$(inherited)",
				);
				GCC_WARN_64_TO_32_BIT_CONVERSION = YES;
				GCC_WARN_ABOUT_RETURN_TYPE = YES_ERROR;
				GCC_WARN_UNDECLARED_SELECTOR = YES;
				GCC_WARN_UNINITIALIZED_AUTOS = YES_AGGRESSIVE;
				GCC_WARN_UNUSED_FUNCTION = YES;
				GCC_WARN_UNUSED_VARIABLE = YES;
				IPHONEOS_DEPLOYMENT_TARGET = 8.0;
				MTL_ENABLE_DEBUG_INFO = YES;
				ONLY_ACTIVE_ARCH = YES;
				SDKROOT = iphoneos;
				SWIFT_OPTIMIZATION_LEVEL = "-Onone";
				TARGETED_DEVICE_FAMILY = "1,2";
				VERSIONING_SYSTEM = "apple-generic";
				VERSION_INFO_PREFIX = "";
			};
			name = Debug;
		};
		C278CA9A1C40F146005DCFB5 /* Release */ = {
			isa = XCBuildConfiguration;
			buildSettings = {
				ALWAYS_SEARCH_USER_PATHS = NO;
				CLANG_CXX_LANGUAGE_STANDARD = "gnu++0x";
				CLANG_CXX_LIBRARY = "libc++";
				CLANG_ENABLE_MODULES = YES;
				CLANG_ENABLE_OBJC_ARC = YES;
				CLANG_WARN_BOOL_CONVERSION = YES;
				CLANG_WARN_CONSTANT_CONVERSION = YES;
				CLANG_WARN_DIRECT_OBJC_ISA_USAGE = YES_ERROR;
				CLANG_WARN_EMPTY_BODY = YES;
				CLANG_WARN_ENUM_CONVERSION = YES;
				CLANG_WARN_INT_CONVERSION = YES;
				CLANG_WARN_OBJC_ROOT_CLASS = YES_ERROR;
				CLANG_WARN_UNREACHABLE_CODE = YES;
				CLANG_WARN__DUPLICATE_METHOD_MATCH = YES;
				"CODE_SIGN_IDENTITY[sdk=iphoneos*]" = "iPhone Developer";
				COPY_PHASE_STRIP = NO;
				CURRENT_PROJECT_VERSION = 1;
				DEBUG_INFORMATION_FORMAT = "dwarf-with-dsym";
				ENABLE_NS_ASSERTIONS = NO;
				ENABLE_STRICT_OBJC_MSGSEND = YES;
				GCC_C_LANGUAGE_STANDARD = gnu99;
				GCC_NO_COMMON_BLOCKS = YES;
				GCC_WARN_64_TO_32_BIT_CONVERSION = YES;
				GCC_WARN_ABOUT_RETURN_TYPE = YES_ERROR;
				GCC_WARN_UNDECLARED_SELECTOR = YES;
				GCC_WARN_UNINITIALIZED_AUTOS = YES_AGGRESSIVE;
				GCC_WARN_UNUSED_FUNCTION = YES;
				GCC_WARN_UNUSED_VARIABLE = YES;
				IPHONEOS_DEPLOYMENT_TARGET = 8.0;
				MTL_ENABLE_DEBUG_INFO = NO;
				SDKROOT = iphoneos;
				TARGETED_DEVICE_FAMILY = "1,2";
				VALIDATE_PRODUCT = YES;
				VERSIONING_SYSTEM = "apple-generic";
				VERSION_INFO_PREFIX = "";
			};
			name = Release;
		};
		C278CA9C1C40F146005DCFB5 /* Debug */ = {
			isa = XCBuildConfiguration;
			buildSettings = {
				CLANG_ENABLE_MODULES = YES;
				DEFINES_MODULE = YES;
				DYLIB_COMPATIBILITY_VERSION = 1;
				DYLIB_CURRENT_VERSION = 1;
				DYLIB_INSTALL_NAME_BASE = "@rpath";
				INFOPLIST_FILE = QiitaKit/SupportingFiles/Info.plist;
				INSTALL_PATH = "$(LOCAL_LIBRARY_DIR)/Frameworks";
				IPHONEOS_DEPLOYMENT_TARGET = 8.0;
				LD_RUNPATH_SEARCH_PATHS = "$(inherited) @executable_path/Frameworks @loader_path/Frameworks";
				PRODUCT_BUNDLE_IDENTIFIER = "com.kyo--hei.QiitaKit";
				PRODUCT_NAME = "$(TARGET_NAME)";
				SKIP_INSTALL = YES;
				SWIFT_OPTIMIZATION_LEVEL = "-Onone";
			};
			name = Debug;
		};
		C278CA9D1C40F146005DCFB5 /* Release */ = {
			isa = XCBuildConfiguration;
			buildSettings = {
				CLANG_ENABLE_MODULES = YES;
				DEFINES_MODULE = YES;
				DYLIB_COMPATIBILITY_VERSION = 1;
				DYLIB_CURRENT_VERSION = 1;
				DYLIB_INSTALL_NAME_BASE = "@rpath";
				INFOPLIST_FILE = QiitaKit/SupportingFiles/Info.plist;
				INSTALL_PATH = "$(LOCAL_LIBRARY_DIR)/Frameworks";
				IPHONEOS_DEPLOYMENT_TARGET = 8.0;
				LD_RUNPATH_SEARCH_PATHS = "$(inherited) @executable_path/Frameworks @loader_path/Frameworks";
				PRODUCT_BUNDLE_IDENTIFIER = "com.kyo--hei.QiitaKit";
				PRODUCT_NAME = "$(TARGET_NAME)";
				SKIP_INSTALL = YES;
			};
			name = Release;
		};
		C278CA9F1C40F146005DCFB5 /* Debug */ = {
			isa = XCBuildConfiguration;
			buildSettings = {
				INFOPLIST_FILE = QiitaKitTests/Info.plist;
				LD_RUNPATH_SEARCH_PATHS = "$(inherited) @executable_path/Frameworks @loader_path/Frameworks";
				PRODUCT_BUNDLE_IDENTIFIER = "com.kyo--hei.QiitaKitTests";
				PRODUCT_NAME = "$(TARGET_NAME)";
			};
			name = Debug;
		};
		C278CAA01C40F146005DCFB5 /* Release */ = {
			isa = XCBuildConfiguration;
			buildSettings = {
				INFOPLIST_FILE = QiitaKitTests/Info.plist;
				LD_RUNPATH_SEARCH_PATHS = "$(inherited) @executable_path/Frameworks @loader_path/Frameworks";
				PRODUCT_BUNDLE_IDENTIFIER = "com.kyo--hei.QiitaKitTests";
				PRODUCT_NAME = "$(TARGET_NAME)";
			};
			name = Release;
		};
/* End XCBuildConfiguration section */

/* Begin XCConfigurationList section */
		C278CA811C40F146005DCFB5 /* Build configuration list for PBXProject "QiitaKit" */ = {
			isa = XCConfigurationList;
			buildConfigurations = (
				C278CA991C40F146005DCFB5 /* Debug */,
				C278CA9A1C40F146005DCFB5 /* Release */,
			);
			defaultConfigurationIsVisible = 0;
			defaultConfigurationName = Release;
		};
		C278CA9B1C40F146005DCFB5 /* Build configuration list for PBXNativeTarget "QiitaKit" */ = {
			isa = XCConfigurationList;
			buildConfigurations = (
				C278CA9C1C40F146005DCFB5 /* Debug */,
				C278CA9D1C40F146005DCFB5 /* Release */,
			);
			defaultConfigurationIsVisible = 0;
			defaultConfigurationName = Release;
		};
		C278CA9E1C40F146005DCFB5 /* Build configuration list for PBXNativeTarget "QiitaKitTests" */ = {
			isa = XCConfigurationList;
			buildConfigurations = (
				C278CA9F1C40F146005DCFB5 /* Debug */,
				C278CAA01C40F146005DCFB5 /* Release */,
			);
			defaultConfigurationIsVisible = 0;
			defaultConfigurationName = Release;
		};
/* End XCConfigurationList section */
	};
	rootObject = C278CA7E1C40F146005DCFB5 /* Project object */;
}
