// !$*UTF8*$!
{
	archiveVersion = 1;
	classes = {
	};
	objectVersion = 46;
	objects = {

/* Begin PBXBuildFile section */
		4100A3211D3218FF009D62AC /* Unbox.framework in Frameworks */ = {isa = PBXBuildFile; fileRef = 4100A3201D3218FF009D62AC /* Unbox.framework */; };
		410687B21D39C9F8003A310A /* QiitaAPI.swift in Sources */ = {isa = PBXBuildFile; fileRef = 410687B11D39C9F8003A310A /* QiitaAPI.swift */; };
		410687C01D39D8EE003A310A /* AccessTokenRequest.swift in Sources */ = {isa = PBXBuildFile; fileRef = 410687BE1D39D8EE003A310A /* AccessTokenRequest.swift */; };
		410687C11D39D8EE003A310A /* AuthorizeRequest.swift in Sources */ = {isa = PBXBuildFile; fileRef = 410687BF1D39D8EE003A310A /* AuthorizeRequest.swift */; };
		410687C31D39DA72003A310A /* GetLikesRequest.swift in Sources */ = {isa = PBXBuildFile; fileRef = 410687C21D39DA72003A310A /* GetLikesRequest.swift */; };
		410687C71D39DCE8003A310A /* DeleteCommentRequest.swift in Sources */ = {isa = PBXBuildFile; fileRef = 410687C61D39DCE8003A310A /* DeleteCommentRequest.swift */; };
		410687C91D39DE14003A310A /* GetCommentRequest.swift in Sources */ = {isa = PBXBuildFile; fileRef = 410687C81D39DE14003A310A /* GetCommentRequest.swift */; };
		410687CB1D39DEE1003A310A /* PatchCommentRequest.swift in Sources */ = {isa = PBXBuildFile; fileRef = 410687CA1D39DEE1003A310A /* PatchCommentRequest.swift */; };
		410687CD1D39DFB6003A310A /* DeleteThankRequest.swift in Sources */ = {isa = PBXBuildFile; fileRef = 410687CC1D39DFB6003A310A /* DeleteThankRequest.swift */; };
		410687CF1D39E06C003A310A /* PutThankRequest.swift in Sources */ = {isa = PBXBuildFile; fileRef = 410687CE1D39E06C003A310A /* PutThankRequest.swift */; };
		410687D11D39E0F3003A310A /* GetCommentsRequest.swift in Sources */ = {isa = PBXBuildFile; fileRef = 410687D01D39E0F3003A310A /* GetCommentsRequest.swift */; };
		410687D31D39E1B1003A310A /* PostCommentRequest.swift in Sources */ = {isa = PBXBuildFile; fileRef = 410687D21D39E1B1003A310A /* PostCommentRequest.swift */; };
		410687D51D39E26B003A310A /* PostTaggingRequest.swift in Sources */ = {isa = PBXBuildFile; fileRef = 410687D41D39E26B003A310A /* PostTaggingRequest.swift */; };
		410687D71D39E3CD003A310A /* Tagging.swift in Sources */ = {isa = PBXBuildFile; fileRef = 410687D61D39E3CD003A310A /* Tagging.swift */; };
		410687D91D39E471003A310A /* DeleteTaggingRequest.swift in Sources */ = {isa = PBXBuildFile; fileRef = 410687D81D39E471003A310A /* DeleteTaggingRequest.swift */; };
		410687DB1D39E55F003A310A /* GetFollowingTagsRequest.swift in Sources */ = {isa = PBXBuildFile; fileRef = 410687DA1D39E55F003A310A /* GetFollowingTagsRequest.swift */; };
		410687DD1D39E585003A310A /* GetTagsRequest.swift in Sources */ = {isa = PBXBuildFile; fileRef = 410687DC1D39E585003A310A /* GetTagsRequest.swift */; };
		414EBBEA1D325AF400078494 /* TagTests.swift in Sources */ = {isa = PBXBuildFile; fileRef = 414EBBE91D325AF400078494 /* TagTests.swift */; };
		414EBBEC1D325B0100078494 /* Tag.json in Resources */ = {isa = PBXBuildFile; fileRef = 414EBBEB1D325B0100078494 /* Tag.json */; };
		414EBBEE1D32615800078494 /* UserTests.swift in Sources */ = {isa = PBXBuildFile; fileRef = 414EBBED1D32615800078494 /* UserTests.swift */; };
		414EBBF01D32616400078494 /* User.json in Resources */ = {isa = PBXBuildFile; fileRef = 414EBBEF1D32616400078494 /* User.json */; };
		414EBC001D3285B600078494 /* Like.swift in Sources */ = {isa = PBXBuildFile; fileRef = 414EBBFF1D3285B600078494 /* Like.swift */; };
		414EBC021D32866800078494 /* Like.json in Resources */ = {isa = PBXBuildFile; fileRef = 414EBC011D32866800078494 /* Like.json */; };
		414EBC041D3286F800078494 /* LikeTests.swift in Sources */ = {isa = PBXBuildFile; fileRef = 414EBC031D3286F800078494 /* LikeTests.swift */; };
		414EBC101D32994F00078494 /* Comment.swift in Sources */ = {isa = PBXBuildFile; fileRef = 414EBC0F1D32994F00078494 /* Comment.swift */; };
		4171BAA31D39E8AF000DFEB8 /* GetTagRequest.swift in Sources */ = {isa = PBXBuildFile; fileRef = 4171BAA21D39E8AF000DFEB8 /* GetTagRequest.swift */; };
		4171BAA51D39E9C0000DFEB8 /* DeleteFollowingTagRequest.swift in Sources */ = {isa = PBXBuildFile; fileRef = 4171BAA41D39E9C0000DFEB8 /* DeleteFollowingTagRequest.swift */; };
		4171BAA71D39EA7F000DFEB8 /* GetFollowingTagRequest.swift in Sources */ = {isa = PBXBuildFile; fileRef = 4171BAA61D39EA7F000DFEB8 /* GetFollowingTagRequest.swift */; };
		4171BAA91D39EB17000DFEB8 /* PutFollowingTagRequest.swift in Sources */ = {isa = PBXBuildFile; fileRef = 4171BAA81D39EB17000DFEB8 /* PutFollowingTagRequest.swift */; };
		4171BAAB1D39EB95000DFEB8 /* Team.swift in Sources */ = {isa = PBXBuildFile; fileRef = 4171BAAA1D39EB95000DFEB8 /* Team.swift */; };
		4171BAAD1D39EC36000DFEB8 /* GetTeamsRequest.swift in Sources */ = {isa = PBXBuildFile; fileRef = 4171BAAC1D39EC36000DFEB8 /* GetTeamsRequest.swift */; };
		4171BAAF1D39ED01000DFEB8 /* GetAuthenticatedUserRequest.swift in Sources */ = {isa = PBXBuildFile; fileRef = 4171BAAE1D39ED01000DFEB8 /* GetAuthenticatedUserRequest.swift */; };
		4171BAB11D39ED5A000DFEB8 /* GetStockersRequest.swift in Sources */ = {isa = PBXBuildFile; fileRef = 4171BAB01D39ED5A000DFEB8 /* GetStockersRequest.swift */; };
		4171BAB31D39EE02000DFEB8 /* GetUsersRequest.swift in Sources */ = {isa = PBXBuildFile; fileRef = 4171BAB21D39EE02000DFEB8 /* GetUsersRequest.swift */; };
		4171BAB61D39EE43000DFEB8 /* GetUser.swift in Sources */ = {isa = PBXBuildFile; fileRef = 4171BAB51D39EE43000DFEB8 /* GetUser.swift */; };
		4171BAB81D39EEBC000DFEB8 /* GetFolloweesRequest.swift in Sources */ = {isa = PBXBuildFile; fileRef = 4171BAB71D39EEBC000DFEB8 /* GetFolloweesRequest.swift */; };
		4171BABA1D39EF27000DFEB8 /* GetFollowersRequest.swift in Sources */ = {isa = PBXBuildFile; fileRef = 4171BAB91D39EF27000DFEB8 /* GetFollowersRequest.swift */; };
		4171BABC1D39EF79000DFEB8 /* DeleteFollowingUserRequest.swift in Sources */ = {isa = PBXBuildFile; fileRef = 4171BABB1D39EF79000DFEB8 /* DeleteFollowingUserRequest.swift */; };
		4171BABE1D39F001000DFEB8 /* GetFollowingUserRequest.swift in Sources */ = {isa = PBXBuildFile; fileRef = 4171BABD1D39F001000DFEB8 /* GetFollowingUserRequest.swift */; };
		4171BAC01D39F0B2000DFEB8 /* PutFollowingUserRequest.swift in Sources */ = {isa = PBXBuildFile; fileRef = 4171BABF1D39F0B2000DFEB8 /* PutFollowingUserRequest.swift */; };
		4171BAC31D39F108000DFEB8 /* GetItemsRequest.swift in Sources */ = {isa = PBXBuildFile; fileRef = 4171BAC11D39F108000DFEB8 /* GetItemsRequest.swift */; };
		4171BAC81D39F33D000DFEB8 /* PostItemRequest.swift in Sources */ = {isa = PBXBuildFile; fileRef = 4171BAC71D39F33D000DFEB8 /* PostItemRequest.swift */; };
		4171BACA1D39F5EF000DFEB8 /* DeleteItemRequest.swift in Sources */ = {isa = PBXBuildFile; fileRef = 4171BAC91D39F5EF000DFEB8 /* DeleteItemRequest.swift */; };
		4171BACC1D39F679000DFEB8 /* GetItemRequest.swift in Sources */ = {isa = PBXBuildFile; fileRef = 4171BACB1D39F679000DFEB8 /* GetItemRequest.swift */; };
		4171BACF1D39F6DB000DFEB8 /* PatchItemRequest.swift in Sources */ = {isa = PBXBuildFile; fileRef = 4171BACE1D39F6DB000DFEB8 /* PatchItemRequest.swift */; };
		4171BAD11D39F8A1000DFEB8 /* DeleteLikeRequest.swift in Sources */ = {isa = PBXBuildFile; fileRef = 4171BAD01D39F8A1000DFEB8 /* DeleteLikeRequest.swift */; };
		4171BAD31D39F910000DFEB8 /* PutLikeRequest.swift in Sources */ = {isa = PBXBuildFile; fileRef = 4171BAD21D39F910000DFEB8 /* PutLikeRequest.swift */; };
		4171BAD51D39F95C000DFEB8 /* DeleteStockRequest.swift in Sources */ = {isa = PBXBuildFile; fileRef = 4171BAD41D39F95C000DFEB8 /* DeleteStockRequest.swift */; };
		4171BAD71D39F9C8000DFEB8 /* GetStockRequest.swift in Sources */ = {isa = PBXBuildFile; fileRef = 4171BAD61D39F9C8000DFEB8 /* GetStockRequest.swift */; };
		4171BAD91D39F9FF000DFEB8 /* GetLikeRequest.swift in Sources */ = {isa = PBXBuildFile; fileRef = 4171BAD81D39F9FF000DFEB8 /* GetLikeRequest.swift */; };
		4171BADB1D39FA37000DFEB8 /* PutStockRequest.swift in Sources */ = {isa = PBXBuildFile; fileRef = 4171BADA1D39FA37000DFEB8 /* PutStockRequest.swift */; };
		4175AFDF1D3228B200B421A0 /* AuthManager.swift in Sources */ = {isa = PBXBuildFile; fileRef = 4175AFDE1D3228B200B421A0 /* AuthManager.swift */; };
		4175AFE11D3228CE00B421A0 /* KeychainWrapper.swift in Sources */ = {isa = PBXBuildFile; fileRef = 4175AFE01D3228CE00B421A0 /* KeychainWrapper.swift */; };
		41E5E3D81D32466F0051BDC4 /* Unbox.framework in Frameworks */ = {isa = PBXBuildFile; fileRef = 4100A3201D3218FF009D62AC /* Unbox.framework */; };
		41E5E3D91D32466F0051BDC4 /* APIKit.framework in Frameworks */ = {isa = PBXBuildFile; fileRef = C2A29E751C412B2500542D7C /* APIKit.framework */; };
		41E5E3DA1D32466F0051BDC4 /* Result.framework in Frameworks */ = {isa = PBXBuildFile; fileRef = C2A29E781C412B2500542D7C /* Result.framework */; };
		41E5E3DF1D3249D60051BDC4 /* AccessTokenResponse.json in Resources */ = {isa = PBXBuildFile; fileRef = 41E5E3DE1D3249D60051BDC4 /* AccessTokenResponse.json */; };
		41E5E3E11D324A4F0051BDC4 /* AccessTokenResponseTests.swift in Sources */ = {isa = PBXBuildFile; fileRef = 41E5E3E01D324A4F0051BDC4 /* AccessTokenResponseTests.swift */; };
		41E5E3E31D324A9B0051BDC4 /* SupportFunctions.swift in Sources */ = {isa = PBXBuildFile; fileRef = 41E5E3E21D324A9B0051BDC4 /* SupportFunctions.swift */; };
		41E5E3E61D324DCC0051BDC4 /* AuthenticatedUserTests.swift in Sources */ = {isa = PBXBuildFile; fileRef = 41E5E3E51D324DCC0051BDC4 /* AuthenticatedUserTests.swift */; };
		41E5E3E81D324DD70051BDC4 /* AuthenticatedUser.json in Resources */ = {isa = PBXBuildFile; fileRef = 41E5E3E71D324DD70051BDC4 /* AuthenticatedUser.json */; };
		41E5E3EA1D324F720051BDC4 /* PostItemTests.swift in Sources */ = {isa = PBXBuildFile; fileRef = 41E5E3E91D324F720051BDC4 /* PostItemTests.swift */; };
		41E5E3EC1D324F800051BDC4 /* PostItem.json in Resources */ = {isa = PBXBuildFile; fileRef = 41E5E3EB1D324F800051BDC4 /* PostItem.json */; };
		41E5E3EE1D3250EB0051BDC4 /* Group.swift in Sources */ = {isa = PBXBuildFile; fileRef = 41E5E3ED1D3250EB0051BDC4 /* Group.swift */; };
		41E5E3F01D3252BE0051BDC4 /* Group.json in Resources */ = {isa = PBXBuildFile; fileRef = 41E5E3EF1D3252BE0051BDC4 /* Group.json */; };
		41E5E3F21D3252CE0051BDC4 /* GroupTests.swift in Sources */ = {isa = PBXBuildFile; fileRef = 41E5E3F11D3252CE0051BDC4 /* GroupTests.swift */; };
		C278CA8B1C40F146005DCFB5 /* QiitaKit.h in Headers */ = {isa = PBXBuildFile; fileRef = C278CA8A1C40F146005DCFB5 /* QiitaKit.h */; settings = {ATTRIBUTES = (Public, ); }; };
		C278CA921C40F146005DCFB5 /* QiitaKit.framework in Frameworks */ = {isa = PBXBuildFile; fileRef = C278CA871C40F146005DCFB5 /* QiitaKit.framework */; };
		C278CABD1C40F51A005DCFB5 /* QiitaRequestType.swift in Sources */ = {isa = PBXBuildFile; fileRef = C278CAB71C40F51A005DCFB5 /* QiitaRequestType.swift */; };
		C278CAC31C40F52F005DCFB5 /* AccessTokenResponse.swift in Sources */ = {isa = PBXBuildFile; fileRef = C278CABE1C40F52F005DCFB5 /* AccessTokenResponse.swift */; };
		C278CAC41C40F52F005DCFB5 /* AuthenticatedUser.swift in Sources */ = {isa = PBXBuildFile; fileRef = C278CABF1C40F52F005DCFB5 /* AuthenticatedUser.swift */; };
		C278CAC51C40F52F005DCFB5 /* Item.swift in Sources */ = {isa = PBXBuildFile; fileRef = C278CAC01C40F52F005DCFB5 /* Item.swift */; };
		C278CAC61C40F52F005DCFB5 /* Tag.swift in Sources */ = {isa = PBXBuildFile; fileRef = C278CAC11C40F52F005DCFB5 /* Tag.swift */; };
		C278CAC71C40F52F005DCFB5 /* User.swift in Sources */ = {isa = PBXBuildFile; fileRef = C278CAC21C40F52F005DCFB5 /* User.swift */; };
		C278CACC1C40FB1F005DCFB5 /* AuthWebViewController.swift in Sources */ = {isa = PBXBuildFile; fileRef = C278CACB1C40FB1F005DCFB5 /* AuthWebViewController.swift */; };
		C2A29E6F1C4129BA00542D7C /* NSURL+Fragments.swift in Sources */ = {isa = PBXBuildFile; fileRef = C2A29E6E1C4129BA00542D7C /* NSURL+Fragments.swift */; };
		C2A29E721C412AE200542D7C /* UIKit.framework in Frameworks */ = {isa = PBXBuildFile; fileRef = C2A29E711C412AE200542D7C /* UIKit.framework */; };
		C2A29E741C412AF200542D7C /* WebKit.framework in Frameworks */ = {isa = PBXBuildFile; fileRef = C2A29E731C412AF200542D7C /* WebKit.framework */; };
		C2A29E791C412B2500542D7C /* APIKit.framework in Frameworks */ = {isa = PBXBuildFile; fileRef = C2A29E751C412B2500542D7C /* APIKit.framework */; };
		C2A29E7C1C412B2500542D7C /* Result.framework in Frameworks */ = {isa = PBXBuildFile; fileRef = C2A29E781C412B2500542D7C /* Result.framework */; };
		C2A29E801C41388300542D7C /* QiitaKitError.swift in Sources */ = {isa = PBXBuildFile; fileRef = C2A29E7F1C41388300542D7C /* QiitaKitError.swift */; };
/* End PBXBuildFile section */

/* Begin PBXContainerItemProxy section */
		C278CA931C40F146005DCFB5 /* PBXContainerItemProxy */ = {
			isa = PBXContainerItemProxy;
			containerPortal = C278CA7E1C40F146005DCFB5 /* Project object */;
			proxyType = 1;
			remoteGlobalIDString = C278CA861C40F146005DCFB5;
			remoteInfo = QiitaKit;
		};
/* End PBXContainerItemProxy section */

/* Begin PBXFileReference section */
		4100A3201D3218FF009D62AC /* Unbox.framework */ = {isa = PBXFileReference; lastKnownFileType = wrapper.framework; name = Unbox.framework; path = Carthage/Build/iOS/Unbox.framework; sourceTree = SOURCE_ROOT; };
		410687B11D39C9F8003A310A /* QiitaAPI.swift */ = {isa = PBXFileReference; fileEncoding = 4; lastKnownFileType = sourcecode.swift; path = QiitaAPI.swift; sourceTree = "<group>"; };
		410687BE1D39D8EE003A310A /* AccessTokenRequest.swift */ = {isa = PBXFileReference; fileEncoding = 4; lastKnownFileType = sourcecode.swift; path = AccessTokenRequest.swift; sourceTree = "<group>"; };
		410687BF1D39D8EE003A310A /* AuthorizeRequest.swift */ = {isa = PBXFileReference; fileEncoding = 4; lastKnownFileType = sourcecode.swift; path = AuthorizeRequest.swift; sourceTree = "<group>"; };
		410687C21D39DA72003A310A /* GetLikesRequest.swift */ = {isa = PBXFileReference; fileEncoding = 4; lastKnownFileType = sourcecode.swift; path = GetLikesRequest.swift; sourceTree = "<group>"; };
		410687C61D39DCE8003A310A /* DeleteCommentRequest.swift */ = {isa = PBXFileReference; fileEncoding = 4; lastKnownFileType = sourcecode.swift; path = DeleteCommentRequest.swift; sourceTree = "<group>"; };
		410687C81D39DE14003A310A /* GetCommentRequest.swift */ = {isa = PBXFileReference; fileEncoding = 4; lastKnownFileType = sourcecode.swift; path = GetCommentRequest.swift; sourceTree = "<group>"; };
		410687CA1D39DEE1003A310A /* PatchCommentRequest.swift */ = {isa = PBXFileReference; fileEncoding = 4; lastKnownFileType = sourcecode.swift; path = PatchCommentRequest.swift; sourceTree = "<group>"; };
		410687CC1D39DFB6003A310A /* DeleteThankRequest.swift */ = {isa = PBXFileReference; fileEncoding = 4; lastKnownFileType = sourcecode.swift; path = DeleteThankRequest.swift; sourceTree = "<group>"; };
		410687CE1D39E06C003A310A /* PutThankRequest.swift */ = {isa = PBXFileReference; fileEncoding = 4; lastKnownFileType = sourcecode.swift; path = PutThankRequest.swift; sourceTree = "<group>"; };
		410687D01D39E0F3003A310A /* GetCommentsRequest.swift */ = {isa = PBXFileReference; fileEncoding = 4; lastKnownFileType = sourcecode.swift; path = GetCommentsRequest.swift; sourceTree = "<group>"; };
		410687D21D39E1B1003A310A /* PostCommentRequest.swift */ = {isa = PBXFileReference; fileEncoding = 4; lastKnownFileType = sourcecode.swift; path = PostCommentRequest.swift; sourceTree = "<group>"; };
		410687D41D39E26B003A310A /* PostTaggingRequest.swift */ = {isa = PBXFileReference; fileEncoding = 4; lastKnownFileType = sourcecode.swift; path = PostTaggingRequest.swift; sourceTree = "<group>"; };
		410687D61D39E3CD003A310A /* Tagging.swift */ = {isa = PBXFileReference; fileEncoding = 4; lastKnownFileType = sourcecode.swift; path = Tagging.swift; sourceTree = "<group>"; };
		410687D81D39E471003A310A /* DeleteTaggingRequest.swift */ = {isa = PBXFileReference; fileEncoding = 4; lastKnownFileType = sourcecode.swift; path = DeleteTaggingRequest.swift; sourceTree = "<group>"; };
		410687DA1D39E55F003A310A /* GetFollowingTagsRequest.swift */ = {isa = PBXFileReference; fileEncoding = 4; lastKnownFileType = sourcecode.swift; path = GetFollowingTagsRequest.swift; sourceTree = "<group>"; };
		410687DC1D39E585003A310A /* GetTagsRequest.swift */ = {isa = PBXFileReference; fileEncoding = 4; lastKnownFileType = sourcecode.swift; path = GetTagsRequest.swift; sourceTree = "<group>"; };
		414EBBE91D325AF400078494 /* TagTests.swift */ = {isa = PBXFileReference; fileEncoding = 4; lastKnownFileType = sourcecode.swift; path = TagTests.swift; sourceTree = "<group>"; };
		414EBBEB1D325B0100078494 /* Tag.json */ = {isa = PBXFileReference; fileEncoding = 4; lastKnownFileType = text.json; path = Tag.json; sourceTree = "<group>"; };
		414EBBED1D32615800078494 /* UserTests.swift */ = {isa = PBXFileReference; fileEncoding = 4; lastKnownFileType = sourcecode.swift; path = UserTests.swift; sourceTree = "<group>"; };
		414EBBEF1D32616400078494 /* User.json */ = {isa = PBXFileReference; fileEncoding = 4; lastKnownFileType = text.json; path = User.json; sourceTree = "<group>"; };
		414EBBFF1D3285B600078494 /* Like.swift */ = {isa = PBXFileReference; fileEncoding = 4; lastKnownFileType = sourcecode.swift; path = Like.swift; sourceTree = "<group>"; };
		414EBC011D32866800078494 /* Like.json */ = {isa = PBXFileReference; fileEncoding = 4; lastKnownFileType = text.json; path = Like.json; sourceTree = "<group>"; };
		414EBC031D3286F800078494 /* LikeTests.swift */ = {isa = PBXFileReference; fileEncoding = 4; lastKnownFileType = sourcecode.swift; path = LikeTests.swift; sourceTree = "<group>"; };
		414EBC0F1D32994F00078494 /* Comment.swift */ = {isa = PBXFileReference; fileEncoding = 4; lastKnownFileType = sourcecode.swift; path = Comment.swift; sourceTree = "<group>"; };
		4171BAA21D39E8AF000DFEB8 /* GetTagRequest.swift */ = {isa = PBXFileReference; fileEncoding = 4; lastKnownFileType = sourcecode.swift; path = GetTagRequest.swift; sourceTree = "<group>"; };
		4171BAA41D39E9C0000DFEB8 /* DeleteFollowingTagRequest.swift */ = {isa = PBXFileReference; fileEncoding = 4; lastKnownFileType = sourcecode.swift; path = DeleteFollowingTagRequest.swift; sourceTree = "<group>"; };
		4171BAA61D39EA7F000DFEB8 /* GetFollowingTagRequest.swift */ = {isa = PBXFileReference; fileEncoding = 4; lastKnownFileType = sourcecode.swift; path = GetFollowingTagRequest.swift; sourceTree = "<group>"; };
		4171BAA81D39EB17000DFEB8 /* PutFollowingTagRequest.swift */ = {isa = PBXFileReference; fileEncoding = 4; lastKnownFileType = sourcecode.swift; path = PutFollowingTagRequest.swift; sourceTree = "<group>"; };
		4171BAAA1D39EB95000DFEB8 /* Team.swift */ = {isa = PBXFileReference; fileEncoding = 4; lastKnownFileType = sourcecode.swift; path = Team.swift; sourceTree = "<group>"; };
		4171BAAC1D39EC36000DFEB8 /* GetTeamsRequest.swift */ = {isa = PBXFileReference; fileEncoding = 4; lastKnownFileType = sourcecode.swift; path = GetTeamsRequest.swift; sourceTree = "<group>"; };
		4171BAAE1D39ED01000DFEB8 /* GetAuthenticatedUserRequest.swift */ = {isa = PBXFileReference; fileEncoding = 4; lastKnownFileType = sourcecode.swift; path = GetAuthenticatedUserRequest.swift; sourceTree = "<group>"; };
		4171BAB01D39ED5A000DFEB8 /* GetStockersRequest.swift */ = {isa = PBXFileReference; fileEncoding = 4; lastKnownFileType = sourcecode.swift; path = GetStockersRequest.swift; sourceTree = "<group>"; };
		4171BAB21D39EE02000DFEB8 /* GetUsersRequest.swift */ = {isa = PBXFileReference; fileEncoding = 4; lastKnownFileType = sourcecode.swift; path = GetUsersRequest.swift; sourceTree = "<group>"; };
		4171BAB51D39EE43000DFEB8 /* GetUser.swift */ = {isa = PBXFileReference; fileEncoding = 4; lastKnownFileType = sourcecode.swift; path = GetUser.swift; sourceTree = "<group>"; };
		4171BAB71D39EEBC000DFEB8 /* GetFolloweesRequest.swift */ = {isa = PBXFileReference; fileEncoding = 4; lastKnownFileType = sourcecode.swift; path = GetFolloweesRequest.swift; sourceTree = "<group>"; };
		4171BAB91D39EF27000DFEB8 /* GetFollowersRequest.swift */ = {isa = PBXFileReference; fileEncoding = 4; lastKnownFileType = sourcecode.swift; path = GetFollowersRequest.swift; sourceTree = "<group>"; };
		4171BABB1D39EF79000DFEB8 /* DeleteFollowingUserRequest.swift */ = {isa = PBXFileReference; fileEncoding = 4; lastKnownFileType = sourcecode.swift; path = DeleteFollowingUserRequest.swift; sourceTree = "<group>"; };
		4171BABD1D39F001000DFEB8 /* GetFollowingUserRequest.swift */ = {isa = PBXFileReference; fileEncoding = 4; lastKnownFileType = sourcecode.swift; path = GetFollowingUserRequest.swift; sourceTree = "<group>"; };
		4171BABF1D39F0B2000DFEB8 /* PutFollowingUserRequest.swift */ = {isa = PBXFileReference; fileEncoding = 4; lastKnownFileType = sourcecode.swift; path = PutFollowingUserRequest.swift; sourceTree = "<group>"; };
		4171BAC11D39F108000DFEB8 /* GetItemsRequest.swift */ = {isa = PBXFileReference; fileEncoding = 4; lastKnownFileType = sourcecode.swift; path = GetItemsRequest.swift; sourceTree = "<group>"; };
		4171BAC71D39F33D000DFEB8 /* PostItemRequest.swift */ = {isa = PBXFileReference; fileEncoding = 4; lastKnownFileType = sourcecode.swift; path = PostItemRequest.swift; sourceTree = "<group>"; };
		4171BAC91D39F5EF000DFEB8 /* DeleteItemRequest.swift */ = {isa = PBXFileReference; fileEncoding = 4; lastKnownFileType = sourcecode.swift; path = DeleteItemRequest.swift; sourceTree = "<group>"; };
		4171BACB1D39F679000DFEB8 /* GetItemRequest.swift */ = {isa = PBXFileReference; fileEncoding = 4; lastKnownFileType = sourcecode.swift; path = GetItemRequest.swift; sourceTree = "<group>"; };
		4171BACE1D39F6DB000DFEB8 /* PatchItemRequest.swift */ = {isa = PBXFileReference; fileEncoding = 4; lastKnownFileType = sourcecode.swift; path = PatchItemRequest.swift; sourceTree = "<group>"; };
		4171BAD01D39F8A1000DFEB8 /* DeleteLikeRequest.swift */ = {isa = PBXFileReference; fileEncoding = 4; lastKnownFileType = sourcecode.swift; path = DeleteLikeRequest.swift; sourceTree = "<group>"; };
		4171BAD21D39F910000DFEB8 /* PutLikeRequest.swift */ = {isa = PBXFileReference; fileEncoding = 4; lastKnownFileType = sourcecode.swift; path = PutLikeRequest.swift; sourceTree = "<group>"; };
		4171BAD41D39F95C000DFEB8 /* DeleteStockRequest.swift */ = {isa = PBXFileReference; fileEncoding = 4; lastKnownFileType = sourcecode.swift; path = DeleteStockRequest.swift; sourceTree = "<group>"; };
		4171BAD61D39F9C8000DFEB8 /* GetStockRequest.swift */ = {isa = PBXFileReference; fileEncoding = 4; lastKnownFileType = sourcecode.swift; path = GetStockRequest.swift; sourceTree = "<group>"; };
		4171BAD81D39F9FF000DFEB8 /* GetLikeRequest.swift */ = {isa = PBXFileReference; fileEncoding = 4; lastKnownFileType = sourcecode.swift; path = GetLikeRequest.swift; sourceTree = "<group>"; };
		4171BADA1D39FA37000DFEB8 /* PutStockRequest.swift */ = {isa = PBXFileReference; fileEncoding = 4; lastKnownFileType = sourcecode.swift; path = PutStockRequest.swift; sourceTree = "<group>"; };
		4175AFDE1D3228B200B421A0 /* AuthManager.swift */ = {isa = PBXFileReference; fileEncoding = 4; lastKnownFileType = sourcecode.swift; name = AuthManager.swift; path = QiitaKit/Classes/Models/AuthManager.swift; sourceTree = SOURCE_ROOT; };
		4175AFE01D3228CE00B421A0 /* KeychainWrapper.swift */ = {isa = PBXFileReference; fileEncoding = 4; lastKnownFileType = sourcecode.swift; name = KeychainWrapper.swift; path = QiitaKit/Classes/Models/KeychainWrapper.swift; sourceTree = SOURCE_ROOT; };
		41E5E3DE1D3249D60051BDC4 /* AccessTokenResponse.json */ = {isa = PBXFileReference; fileEncoding = 4; lastKnownFileType = text.json; path = AccessTokenResponse.json; sourceTree = "<group>"; };
		41E5E3E01D324A4F0051BDC4 /* AccessTokenResponseTests.swift */ = {isa = PBXFileReference; fileEncoding = 4; lastKnownFileType = sourcecode.swift; path = AccessTokenResponseTests.swift; sourceTree = "<group>"; };
		41E5E3E21D324A9B0051BDC4 /* SupportFunctions.swift */ = {isa = PBXFileReference; fileEncoding = 4; lastKnownFileType = sourcecode.swift; path = SupportFunctions.swift; sourceTree = "<group>"; };
		41E5E3E51D324DCC0051BDC4 /* AuthenticatedUserTests.swift */ = {isa = PBXFileReference; fileEncoding = 4; lastKnownFileType = sourcecode.swift; path = AuthenticatedUserTests.swift; sourceTree = "<group>"; };
		41E5E3E71D324DD70051BDC4 /* AuthenticatedUser.json */ = {isa = PBXFileReference; fileEncoding = 4; lastKnownFileType = text.json; path = AuthenticatedUser.json; sourceTree = "<group>"; };
		41E5E3E91D324F720051BDC4 /* PostItemTests.swift */ = {isa = PBXFileReference; fileEncoding = 4; lastKnownFileType = sourcecode.swift; path = PostItemTests.swift; sourceTree = "<group>"; };
		41E5E3EB1D324F800051BDC4 /* PostItem.json */ = {isa = PBXFileReference; fileEncoding = 4; lastKnownFileType = text.json; path = PostItem.json; sourceTree = "<group>"; };
		41E5E3ED1D3250EB0051BDC4 /* Group.swift */ = {isa = PBXFileReference; fileEncoding = 4; lastKnownFileType = sourcecode.swift; path = Group.swift; sourceTree = "<group>"; };
		41E5E3EF1D3252BE0051BDC4 /* Group.json */ = {isa = PBXFileReference; fileEncoding = 4; lastKnownFileType = text.json; path = Group.json; sourceTree = "<group>"; };
		41E5E3F11D3252CE0051BDC4 /* GroupTests.swift */ = {isa = PBXFileReference; fileEncoding = 4; lastKnownFileType = sourcecode.swift; path = GroupTests.swift; sourceTree = "<group>"; };
		C278CA871C40F146005DCFB5 /* QiitaKit.framework */ = {isa = PBXFileReference; explicitFileType = wrapper.framework; includeInIndex = 0; path = QiitaKit.framework; sourceTree = BUILT_PRODUCTS_DIR; };
		C278CA8A1C40F146005DCFB5 /* QiitaKit.h */ = {isa = PBXFileReference; lastKnownFileType = sourcecode.c.h; path = QiitaKit.h; sourceTree = "<group>"; };
		C278CA8C1C40F146005DCFB5 /* Info.plist */ = {isa = PBXFileReference; lastKnownFileType = text.plist.xml; path = Info.plist; sourceTree = "<group>"; };
		C278CA911C40F146005DCFB5 /* QiitaKitTests.xctest */ = {isa = PBXFileReference; explicitFileType = wrapper.cfbundle; includeInIndex = 0; path = QiitaKitTests.xctest; sourceTree = BUILT_PRODUCTS_DIR; };
		C278CA981C40F146005DCFB5 /* Info.plist */ = {isa = PBXFileReference; lastKnownFileType = text.plist.xml; path = Info.plist; sourceTree = "<group>"; };
		C278CAB71C40F51A005DCFB5 /* QiitaRequestType.swift */ = {isa = PBXFileReference; fileEncoding = 4; lastKnownFileType = sourcecode.swift; path = QiitaRequestType.swift; sourceTree = "<group>"; };
		C278CABE1C40F52F005DCFB5 /* AccessTokenResponse.swift */ = {isa = PBXFileReference; fileEncoding = 4; lastKnownFileType = sourcecode.swift; path = AccessTokenResponse.swift; sourceTree = "<group>"; };
		C278CABF1C40F52F005DCFB5 /* AuthenticatedUser.swift */ = {isa = PBXFileReference; fileEncoding = 4; lastKnownFileType = sourcecode.swift; path = AuthenticatedUser.swift; sourceTree = "<group>"; };
		C278CAC01C40F52F005DCFB5 /* Item.swift */ = {isa = PBXFileReference; fileEncoding = 4; lastKnownFileType = sourcecode.swift; path = Item.swift; sourceTree = "<group>"; };
		C278CAC11C40F52F005DCFB5 /* Tag.swift */ = {isa = PBXFileReference; fileEncoding = 4; lastKnownFileType = sourcecode.swift; path = Tag.swift; sourceTree = "<group>"; };
		C278CAC21C40F52F005DCFB5 /* User.swift */ = {isa = PBXFileReference; fileEncoding = 4; lastKnownFileType = sourcecode.swift; path = User.swift; sourceTree = "<group>"; };
		C278CACB1C40FB1F005DCFB5 /* AuthWebViewController.swift */ = {isa = PBXFileReference; fileEncoding = 4; lastKnownFileType = sourcecode.swift; name = AuthWebViewController.swift; path = ViewControllers/AuthWebViewController.swift; sourceTree = "<group>"; };
		C2A29E6E1C4129BA00542D7C /* NSURL+Fragments.swift */ = {isa = PBXFileReference; fileEncoding = 4; lastKnownFileType = sourcecode.swift; path = "NSURL+Fragments.swift"; sourceTree = "<group>"; };
		C2A29E711C412AE200542D7C /* UIKit.framework */ = {isa = PBXFileReference; lastKnownFileType = wrapper.framework; name = UIKit.framework; path = System/Library/Frameworks/UIKit.framework; sourceTree = SDKROOT; };
		C2A29E731C412AF200542D7C /* WebKit.framework */ = {isa = PBXFileReference; lastKnownFileType = wrapper.framework; name = WebKit.framework; path = System/Library/Frameworks/WebKit.framework; sourceTree = SDKROOT; };
		C2A29E751C412B2500542D7C /* APIKit.framework */ = {isa = PBXFileReference; lastKnownFileType = wrapper.framework; name = APIKit.framework; path = Carthage/Build/iOS/APIKit.framework; sourceTree = SOURCE_ROOT; };
		C2A29E781C412B2500542D7C /* Result.framework */ = {isa = PBXFileReference; lastKnownFileType = wrapper.framework; name = Result.framework; path = Carthage/Build/iOS/Result.framework; sourceTree = SOURCE_ROOT; };
		C2A29E7F1C41388300542D7C /* QiitaKitError.swift */ = {isa = PBXFileReference; fileEncoding = 4; lastKnownFileType = sourcecode.swift; path = QiitaKitError.swift; sourceTree = "<group>"; };
/* End PBXFileReference section */

/* Begin PBXFrameworksBuildPhase section */
		C278CA831C40F146005DCFB5 /* Frameworks */ = {
			isa = PBXFrameworksBuildPhase;
			buildActionMask = 2147483647;
			files = (
				C2A29E791C412B2500542D7C /* APIKit.framework in Frameworks */,
				C2A29E741C412AF200542D7C /* WebKit.framework in Frameworks */,
				C2A29E7C1C412B2500542D7C /* Result.framework in Frameworks */,
				4100A3211D3218FF009D62AC /* Unbox.framework in Frameworks */,
				C2A29E721C412AE200542D7C /* UIKit.framework in Frameworks */,
			);
			runOnlyForDeploymentPostprocessing = 0;
		};
		C278CA8E1C40F146005DCFB5 /* Frameworks */ = {
			isa = PBXFrameworksBuildPhase;
			buildActionMask = 2147483647;
			files = (
				41E5E3D91D32466F0051BDC4 /* APIKit.framework in Frameworks */,
				C278CA921C40F146005DCFB5 /* QiitaKit.framework in Frameworks */,
				41E5E3D81D32466F0051BDC4 /* Unbox.framework in Frameworks */,
				41E5E3DA1D32466F0051BDC4 /* Result.framework in Frameworks */,
			);
			runOnlyForDeploymentPostprocessing = 0;
		};
/* End PBXFrameworksBuildPhase section */

/* Begin PBXGroup section */
		410687B31D39D819003A310A /* Item */ = {
			isa = PBXGroup;
			children = (
				4171BAC11D39F108000DFEB8 /* GetItemsRequest.swift */,
				4171BAC71D39F33D000DFEB8 /* PostItemRequest.swift */,
				4171BAC91D39F5EF000DFEB8 /* DeleteItemRequest.swift */,
				4171BACB1D39F679000DFEB8 /* GetItemRequest.swift */,
				4171BACE1D39F6DB000DFEB8 /* PatchItemRequest.swift */,
				4171BAD41D39F95C000DFEB8 /* DeleteStockRequest.swift */,
				4171BAD61D39F9C8000DFEB8 /* GetStockRequest.swift */,
				4171BADA1D39FA37000DFEB8 /* PutStockRequest.swift */,
			);
			path = Item;
			sourceTree = "<group>";
		};
		410687B41D39D822003A310A /* User */ = {
			isa = PBXGroup;
			children = (
				4171BAAE1D39ED01000DFEB8 /* GetAuthenticatedUserRequest.swift */,
				4171BAB01D39ED5A000DFEB8 /* GetStockersRequest.swift */,
				4171BAB21D39EE02000DFEB8 /* GetUsersRequest.swift */,
				4171BAB51D39EE43000DFEB8 /* GetUser.swift */,
				4171BAB71D39EEBC000DFEB8 /* GetFolloweesRequest.swift */,
				4171BAB91D39EF27000DFEB8 /* GetFollowersRequest.swift */,
				4171BABB1D39EF79000DFEB8 /* DeleteFollowingUserRequest.swift */,
				4171BABD1D39F001000DFEB8 /* GetFollowingUserRequest.swift */,
				4171BABF1D39F0B2000DFEB8 /* PutFollowingUserRequest.swift */,
			);
			path = User;
			sourceTree = "<group>";
		};
		410687B51D39D82A003A310A /* Project */ = {
			isa = PBXGroup;
			children = (
			);
			path = Project;
			sourceTree = "<group>";
		};
		410687B61D39D838003A310A /* Template */ = {
			isa = PBXGroup;
			children = (
			);
			path = Template;
			sourceTree = "<group>";
		};
		410687B71D39D842003A310A /* Team */ = {
			isa = PBXGroup;
			children = (
				4171BAAC1D39EC36000DFEB8 /* GetTeamsRequest.swift */,
			);
			path = Team;
			sourceTree = "<group>";
		};
		410687B81D39D84B003A310A /* Tag */ = {
			isa = PBXGroup;
			children = (
				410687DA1D39E55F003A310A /* GetFollowingTagsRequest.swift */,
				410687DC1D39E585003A310A /* GetTagsRequest.swift */,
				4171BAA21D39E8AF000DFEB8 /* GetTagRequest.swift */,
				4171BAA41D39E9C0000DFEB8 /* DeleteFollowingTagRequest.swift */,
				4171BAA61D39EA7F000DFEB8 /* GetFollowingTagRequest.swift */,
				4171BAA81D39EB17000DFEB8 /* PutFollowingTagRequest.swift */,
			);
			path = Tag;
			sourceTree = "<group>";
		};
		410687B91D39D851003A310A /* Tagging */ = {
			isa = PBXGroup;
			children = (
				410687D41D39E26B003A310A /* PostTaggingRequest.swift */,
				410687D81D39E471003A310A /* DeleteTaggingRequest.swift */,
			);
			path = Tagging;
			sourceTree = "<group>";
		};
		410687BA1D39D857003A310A /* Comment */ = {
			isa = PBXGroup;
			children = (
				410687C61D39DCE8003A310A /* DeleteCommentRequest.swift */,
				410687C81D39DE14003A310A /* GetCommentRequest.swift */,
				410687CA1D39DEE1003A310A /* PatchCommentRequest.swift */,
				410687CC1D39DFB6003A310A /* DeleteThankRequest.swift */,
				410687CE1D39E06C003A310A /* PutThankRequest.swift */,
				410687D01D39E0F3003A310A /* GetCommentsRequest.swift */,
				410687D21D39E1B1003A310A /* PostCommentRequest.swift */,
			);
			path = Comment;
			sourceTree = "<group>";
		};
		410687BC1D39D86C003A310A /* Like */ = {
			isa = PBXGroup;
			children = (
				410687C21D39DA72003A310A /* GetLikesRequest.swift */,
				4171BAD01D39F8A1000DFEB8 /* DeleteLikeRequest.swift */,
				4171BAD21D39F910000DFEB8 /* PutLikeRequest.swift */,
				4171BAD81D39F9FF000DFEB8 /* GetLikeRequest.swift */,
			);
			path = Like;
			sourceTree = "<group>";
		};
		410687BD1D39D875003A310A /* Authorization */ = {
			isa = PBXGroup;
			children = (
				410687BE1D39D8EE003A310A /* AccessTokenRequest.swift */,
				410687BF1D39D8EE003A310A /* AuthorizeRequest.swift */,
			);
			path = Authorization;
			sourceTree = "<group>";
		};
		41E5E3DB1D32492F0051BDC4 /* Classes */ = {
			isa = PBXGroup;
			children = (
				41E5E3DC1D32493D0051BDC4 /* Entities */,
				41E5E3E21D324A9B0051BDC4 /* SupportFunctions.swift */,
			);
			path = Classes;
			sourceTree = "<group>";
		};
		41E5E3DC1D32493D0051BDC4 /* Entities */ = {
			isa = PBXGroup;
			children = (
				41E5E3E01D324A4F0051BDC4 /* AccessTokenResponseTests.swift */,
				41E5E3E51D324DCC0051BDC4 /* AuthenticatedUserTests.swift */,
				41E5E3E91D324F720051BDC4 /* PostItemTests.swift */,
				414EBBE91D325AF400078494 /* TagTests.swift */,
				414EBBED1D32615800078494 /* UserTests.swift */,
				41E5E3F11D3252CE0051BDC4 /* GroupTests.swift */,
				414EBC031D3286F800078494 /* LikeTests.swift */,
			);
			path = Entities;
			sourceTree = "<group>";
		};
		41E5E3DD1D3249690051BDC4 /* Resources */ = {
			isa = PBXGroup;
			children = (
				41E5E3DE1D3249D60051BDC4 /* AccessTokenResponse.json */,
				41E5E3E71D324DD70051BDC4 /* AuthenticatedUser.json */,
				41E5E3EB1D324F800051BDC4 /* PostItem.json */,
				414EBBEB1D325B0100078494 /* Tag.json */,
				414EBBEF1D32616400078494 /* User.json */,
				41E5E3EF1D3252BE0051BDC4 /* Group.json */,
				414EBC011D32866800078494 /* Like.json */,
			);
			path = Resources;
			sourceTree = "<group>";
		};
		C278CA7D1C40F146005DCFB5 = {
			isa = PBXGroup;
			children = (
				C278CA891C40F146005DCFB5 /* QiitaKit */,
				C278CA951C40F146005DCFB5 /* QiitaKitTests */,
				C278CA881C40F146005DCFB5 /* Products */,
			);
			sourceTree = "<group>";
		};
		C278CA881C40F146005DCFB5 /* Products */ = {
			isa = PBXGroup;
			children = (
				C278CA871C40F146005DCFB5 /* QiitaKit.framework */,
				C278CA911C40F146005DCFB5 /* QiitaKitTests.xctest */,
			);
			name = Products;
			sourceTree = "<group>";
		};
		C278CA891C40F146005DCFB5 /* QiitaKit */ = {
			isa = PBXGroup;
			children = (
				C278CAAA1C40F388005DCFB5 /* Classes */,
				C278CAAF1C40F44E005DCFB5 /* Frameworks */,
				C278CAAB1C40F394005DCFB5 /* SupportingFiles */,
			);
			path = QiitaKit;
			sourceTree = "<group>";
		};
		C278CA951C40F146005DCFB5 /* QiitaKitTests */ = {
			isa = PBXGroup;
			children = (
				41E5E3DB1D32492F0051BDC4 /* Classes */,
				41E5E3DD1D3249690051BDC4 /* Resources */,
				C278CA981C40F146005DCFB5 /* Info.plist */,
			);
			path = QiitaKitTests;
			sourceTree = "<group>";
		};
		C278CAAA1C40F388005DCFB5 /* Classes */ = {
			isa = PBXGroup;
			children = (
				C2A29E6D1C41299200542D7C /* Extensions */,
				C278CACA1C40FAB6005DCFB5 /* ViewControllers */,
				C278CAAE1C40F444005DCFB5 /* Models */,
				C278CAAD1C40F43E005DCFB5 /* Requests */,
				C278CAAC1C40F424005DCFB5 /* Entities */,
				C2A29E7F1C41388300542D7C /* QiitaKitError.swift */,
			);
			path = Classes;
			sourceTree = "<group>";
		};
		C278CAAB1C40F394005DCFB5 /* SupportingFiles */ = {
			isa = PBXGroup;
			children = (
				C278CA8C1C40F146005DCFB5 /* Info.plist */,
				C278CA8A1C40F146005DCFB5 /* QiitaKit.h */,
			);
			path = SupportingFiles;
			sourceTree = "<group>";
		};
		C278CAAC1C40F424005DCFB5 /* Entities */ = {
			isa = PBXGroup;
			children = (
				C278CABE1C40F52F005DCFB5 /* AccessTokenResponse.swift */,
				C278CABF1C40F52F005DCFB5 /* AuthenticatedUser.swift */,
				C278CAC01C40F52F005DCFB5 /* Item.swift */,
				C278CAC11C40F52F005DCFB5 /* Tag.swift */,
				C278CAC21C40F52F005DCFB5 /* User.swift */,
				41E5E3ED1D3250EB0051BDC4 /* Group.swift */,
				414EBBFF1D3285B600078494 /* Like.swift */,
				414EBC0F1D32994F00078494 /* Comment.swift */,
				410687D61D39E3CD003A310A /* Tagging.swift */,
				4171BAAA1D39EB95000DFEB8 /* Team.swift */,
			);
			path = Entities;
			sourceTree = "<group>";
		};
		C278CAAD1C40F43E005DCFB5 /* Requests */ = {
			isa = PBXGroup;
			children = (
				410687BD1D39D875003A310A /* Authorization */,
				410687BC1D39D86C003A310A /* Like */,
				410687BA1D39D857003A310A /* Comment */,
				410687B91D39D851003A310A /* Tagging */,
				410687B81D39D84B003A310A /* Tag */,
				410687B71D39D842003A310A /* Team */,
				410687B61D39D838003A310A /* Template */,
				410687B51D39D82A003A310A /* Project */,
				410687B41D39D822003A310A /* User */,
				410687B31D39D819003A310A /* Item */,
				C278CAB71C40F51A005DCFB5 /* QiitaRequestType.swift */,
				410687B11D39C9F8003A310A /* QiitaAPI.swift */,
			);
			path = Requests;
			sourceTree = "<group>";
		};
		C278CAAE1C40F444005DCFB5 /* Models */ = {
			isa = PBXGroup;
			children = (
				4175AFDE1D3228B200B421A0 /* AuthManager.swift */,
				4175AFE01D3228CE00B421A0 /* KeychainWrapper.swift */,
			);
			name = Models;
			path = Managers;
			sourceTree = "<group>";
		};
		C278CAAF1C40F44E005DCFB5 /* Frameworks */ = {
			isa = PBXGroup;
			children = (
				4100A3201D3218FF009D62AC /* Unbox.framework */,
				C2A29E751C412B2500542D7C /* APIKit.framework */,
				C2A29E781C412B2500542D7C /* Result.framework */,
				C2A29E731C412AF200542D7C /* WebKit.framework */,
				C2A29E711C412AE200542D7C /* UIKit.framework */,
			);
			name = Frameworks;
			sourceTree = "<group>";
		};
		C278CACA1C40FAB6005DCFB5 /* ViewControllers */ = {
			isa = PBXGroup;
			children = (
				C278CACB1C40FB1F005DCFB5 /* AuthWebViewController.swift */,
			);
			name = ViewControllers;
			sourceTree = "<group>";
		};
		C2A29E6D1C41299200542D7C /* Extensions */ = {
			isa = PBXGroup;
			children = (
				C2A29E6E1C4129BA00542D7C /* NSURL+Fragments.swift */,
			);
			path = Extensions;
			sourceTree = "<group>";
		};
/* End PBXGroup section */

/* Begin PBXHeadersBuildPhase section */
		C278CA841C40F146005DCFB5 /* Headers */ = {
			isa = PBXHeadersBuildPhase;
			buildActionMask = 2147483647;
			files = (
				C278CA8B1C40F146005DCFB5 /* QiitaKit.h in Headers */,
			);
			runOnlyForDeploymentPostprocessing = 0;
		};
/* End PBXHeadersBuildPhase section */

/* Begin PBXNativeTarget section */
		C278CA861C40F146005DCFB5 /* QiitaKit */ = {
			isa = PBXNativeTarget;
			buildConfigurationList = C278CA9B1C40F146005DCFB5 /* Build configuration list for PBXNativeTarget "QiitaKit" */;
			buildPhases = (
				C278CA821C40F146005DCFB5 /* Sources */,
				C278CA831C40F146005DCFB5 /* Frameworks */,
				C278CA841C40F146005DCFB5 /* Headers */,
				C278CA851C40F146005DCFB5 /* Resources */,
			);
			buildRules = (
			);
			dependencies = (
			);
			name = QiitaKit;
			productName = QiitaKit;
			productReference = C278CA871C40F146005DCFB5 /* QiitaKit.framework */;
			productType = "com.apple.product-type.framework";
		};
		C278CA901C40F146005DCFB5 /* QiitaKitTests */ = {
			isa = PBXNativeTarget;
			buildConfigurationList = C278CA9E1C40F146005DCFB5 /* Build configuration list for PBXNativeTarget "QiitaKitTests" */;
			buildPhases = (
				C278CA8D1C40F146005DCFB5 /* Sources */,
				C278CA8E1C40F146005DCFB5 /* Frameworks */,
				C278CA8F1C40F146005DCFB5 /* Resources */,
				41E5E3E41D324D4C0051BDC4 /* ShellScript */,
			);
			buildRules = (
			);
			dependencies = (
				C278CA941C40F146005DCFB5 /* PBXTargetDependency */,
			);
			name = QiitaKitTests;
			productName = QiitaKitTests;
			productReference = C278CA911C40F146005DCFB5 /* QiitaKitTests.xctest */;
			productType = "com.apple.product-type.bundle.unit-test";
		};
/* End PBXNativeTarget section */

/* Begin PBXProject section */
		C278CA7E1C40F146005DCFB5 /* Project object */ = {
			isa = PBXProject;
			attributes = {
				LastSwiftUpdateCheck = 0730;
				LastUpgradeCheck = 0720;
				ORGANIZATIONNAME = kyo__hei;
				TargetAttributes = {
					C278CA861C40F146005DCFB5 = {
						CreatedOnToolsVersion = 7.2;
					};
					C278CA901C40F146005DCFB5 = {
						CreatedOnToolsVersion = 7.2;
					};
				};
			};
			buildConfigurationList = C278CA811C40F146005DCFB5 /* Build configuration list for PBXProject "QiitaKit" */;
			compatibilityVersion = "Xcode 3.2";
			developmentRegion = English;
			hasScannedForEncodings = 0;
			knownRegions = (
				en,
			);
			mainGroup = C278CA7D1C40F146005DCFB5;
			productRefGroup = C278CA881C40F146005DCFB5 /* Products */;
			projectDirPath = "";
			projectRoot = "";
			targets = (
				C278CA861C40F146005DCFB5 /* QiitaKit */,
				C278CA901C40F146005DCFB5 /* QiitaKitTests */,
			);
		};
/* End PBXProject section */

/* Begin PBXResourcesBuildPhase section */
		C278CA851C40F146005DCFB5 /* Resources */ = {
			isa = PBXResourcesBuildPhase;
			buildActionMask = 2147483647;
			files = (
			);
			runOnlyForDeploymentPostprocessing = 0;
		};
		C278CA8F1C40F146005DCFB5 /* Resources */ = {
			isa = PBXResourcesBuildPhase;
			buildActionMask = 2147483647;
			files = (
				41E5E3E81D324DD70051BDC4 /* AuthenticatedUser.json in Resources */,
				41E5E3DF1D3249D60051BDC4 /* AccessTokenResponse.json in Resources */,
				41E5E3EC1D324F800051BDC4 /* PostItem.json in Resources */,
				41E5E3F01D3252BE0051BDC4 /* Group.json in Resources */,
				414EBC021D32866800078494 /* Like.json in Resources */,
				414EBBF01D32616400078494 /* User.json in Resources */,
				414EBBEC1D325B0100078494 /* Tag.json in Resources */,
			);
			runOnlyForDeploymentPostprocessing = 0;
		};
/* End PBXResourcesBuildPhase section */

/* Begin PBXShellScriptBuildPhase section */
		41E5E3E41D324D4C0051BDC4 /* ShellScript */ = {
			isa = PBXShellScriptBuildPhase;
			buildActionMask = 2147483647;
			files = (
			);
			inputPaths = (
				"$(SRCROOT)/Carthage/Build/iOS/Unbox.framework",
				"$(SRCROOT)/Carthage/Build/iOS/APIKit.framework",
				"$(SRCROOT)/Carthage/Build/iOS/Result.framework",
			);
			outputPaths = (
			);
			runOnlyForDeploymentPostprocessing = 0;
			shellPath = /bin/sh;
			shellScript = "/usr/local/bin/carthage copy-frameworks";
		};
/* End PBXShellScriptBuildPhase section */

/* Begin PBXSourcesBuildPhase section */
		C278CA821C40F146005DCFB5 /* Sources */ = {
			isa = PBXSourcesBuildPhase;
			buildActionMask = 2147483647;
			files = (
				C2A29E6F1C4129BA00542D7C /* NSURL+Fragments.swift in Sources */,
				410687DD1D39E585003A310A /* GetTagsRequest.swift in Sources */,
				4171BAA31D39E8AF000DFEB8 /* GetTagRequest.swift in Sources */,
				410687B21D39C9F8003A310A /* QiitaAPI.swift in Sources */,
				4171BAA51D39E9C0000DFEB8 /* DeleteFollowingTagRequest.swift in Sources */,
				C278CAC51C40F52F005DCFB5 /* Item.swift in Sources */,
				4171BAB11D39ED5A000DFEB8 /* GetStockersRequest.swift in Sources */,
				410687C91D39DE14003A310A /* GetCommentRequest.swift in Sources */,
				4171BAC31D39F108000DFEB8 /* GetItemsRequest.swift in Sources */,
				C278CAC61C40F52F005DCFB5 /* Tag.swift in Sources */,
				C2A29E801C41388300542D7C /* QiitaKitError.swift in Sources */,
				4171BABE1D39F001000DFEB8 /* GetFollowingUserRequest.swift in Sources */,
				4175AFE11D3228CE00B421A0 /* KeychainWrapper.swift in Sources */,
				4171BAA71D39EA7F000DFEB8 /* GetFollowingTagRequest.swift in Sources */,
				4171BAD31D39F910000DFEB8 /* PutLikeRequest.swift in Sources */,
				414EBC101D32994F00078494 /* Comment.swift in Sources */,
				4171BABC1D39EF79000DFEB8 /* DeleteFollowingUserRequest.swift in Sources */,
				4171BAC01D39F0B2000DFEB8 /* PutFollowingUserRequest.swift in Sources */,
				41E5E3EE1D3250EB0051BDC4 /* Group.swift in Sources */,
				410687C71D39DCE8003A310A /* DeleteCommentRequest.swift in Sources */,
				C278CACC1C40FB1F005DCFB5 /* AuthWebViewController.swift in Sources */,
				410687C31D39DA72003A310A /* GetLikesRequest.swift in Sources */,
				4175AFDF1D3228B200B421A0 /* AuthManager.swift in Sources */,
				410687DB1D39E55F003A310A /* GetFollowingTagsRequest.swift in Sources */,
				410687D51D39E26B003A310A /* PostTaggingRequest.swift in Sources */,
				410687D91D39E471003A310A /* DeleteTaggingRequest.swift in Sources */,
				414EBC001D3285B600078494 /* Like.swift in Sources */,
				C278CAC41C40F52F005DCFB5 /* AuthenticatedUser.swift in Sources */,
				4171BAD11D39F8A1000DFEB8 /* DeleteLikeRequest.swift in Sources */,
				4171BAB61D39EE43000DFEB8 /* GetUser.swift in Sources */,
				4171BABA1D39EF27000DFEB8 /* GetFollowersRequest.swift in Sources */,
				4171BACF1D39F6DB000DFEB8 /* PatchItemRequest.swift in Sources */,
				410687C11D39D8EE003A310A /* AuthorizeRequest.swift in Sources */,
				4171BAAB1D39EB95000DFEB8 /* Team.swift in Sources */,
				410687CF1D39E06C003A310A /* PutThankRequest.swift in Sources */,
				C278CAC31C40F52F005DCFB5 /* AccessTokenResponse.swift in Sources */,
				4171BAD51D39F95C000DFEB8 /* DeleteStockRequest.swift in Sources */,
				410687CD1D39DFB6003A310A /* DeleteThankRequest.swift in Sources */,
				4171BAC81D39F33D000DFEB8 /* PostItemRequest.swift in Sources */,
				4171BAB31D39EE02000DFEB8 /* GetUsersRequest.swift in Sources */,
				410687CB1D39DEE1003A310A /* PatchCommentRequest.swift in Sources */,
				410687D11D39E0F3003A310A /* GetCommentsRequest.swift in Sources */,
				C278CABD1C40F51A005DCFB5 /* QiitaRequestType.swift in Sources */,
				4171BAD71D39F9C8000DFEB8 /* GetStockRequest.swift in Sources */,
				C278CAC71C40F52F005DCFB5 /* User.swift in Sources */,
				410687C01D39D8EE003A310A /* AccessTokenRequest.swift in Sources */,
				4171BACA1D39F5EF000DFEB8 /* DeleteItemRequest.swift in Sources */,
				4171BAD91D39F9FF000DFEB8 /* GetLikeRequest.swift in Sources */,
				4171BAAF1D39ED01000DFEB8 /* GetAuthenticatedUserRequest.swift in Sources */,
				4171BAA91D39EB17000DFEB8 /* PutFollowingTagRequest.swift in Sources */,
				4171BACC1D39F679000DFEB8 /* GetItemRequest.swift in Sources */,
				410687D31D39E1B1003A310A /* PostCommentRequest.swift in Sources */,
				4171BADB1D39FA37000DFEB8 /* PutStockRequest.swift in Sources */,
				4171BAB81D39EEBC000DFEB8 /* GetFolloweesRequest.swift in Sources */,
				410687D71D39E3CD003A310A /* Tagging.swift in Sources */,
				4171BAAD1D39EC36000DFEB8 /* GetTeamsRequest.swift in Sources */,
			);
			runOnlyForDeploymentPostprocessing = 0;
		};
		C278CA8D1C40F146005DCFB5 /* Sources */ = {
			isa = PBXSourcesBuildPhase;
			buildActionMask = 2147483647;
			files = (
				41E5E3E11D324A4F0051BDC4 /* AccessTokenResponseTests.swift in Sources */,
				41E5E3E31D324A9B0051BDC4 /* SupportFunctions.swift in Sources */,
				414EBC041D3286F800078494 /* LikeTests.swift in Sources */,
				41E5E3EA1D324F720051BDC4 /* PostItemTests.swift in Sources */,
				414EBBEE1D32615800078494 /* UserTests.swift in Sources */,
				41E5E3E61D324DCC0051BDC4 /* AuthenticatedUserTests.swift in Sources */,
				414EBBEA1D325AF400078494 /* TagTests.swift in Sources */,
				41E5E3F21D3252CE0051BDC4 /* GroupTests.swift in Sources */,
			);
			runOnlyForDeploymentPostprocessing = 0;
		};
/* End PBXSourcesBuildPhase section */

/* Begin PBXTargetDependency section */
		C278CA941C40F146005DCFB5 /* PBXTargetDependency */ = {
			isa = PBXTargetDependency;
			target = C278CA861C40F146005DCFB5 /* QiitaKit */;
			targetProxy = C278CA931C40F146005DCFB5 /* PBXContainerItemProxy */;
		};
/* End PBXTargetDependency section */

/* Begin XCBuildConfiguration section */
		C278CA991C40F146005DCFB5 /* Debug */ = {
			isa = XCBuildConfiguration;
			buildSettings = {
				ALWAYS_SEARCH_USER_PATHS = NO;
				CLANG_CXX_LANGUAGE_STANDARD = "gnu++0x";
				CLANG_CXX_LIBRARY = "libc++";
				CLANG_ENABLE_MODULES = YES;
				CLANG_ENABLE_OBJC_ARC = YES;
				CLANG_WARN_BOOL_CONVERSION = YES;
				CLANG_WARN_CONSTANT_CONVERSION = YES;
				CLANG_WARN_DIRECT_OBJC_ISA_USAGE = YES_ERROR;
				CLANG_WARN_EMPTY_BODY = YES;
				CLANG_WARN_ENUM_CONVERSION = YES;
				CLANG_WARN_INT_CONVERSION = YES;
				CLANG_WARN_OBJC_ROOT_CLASS = YES_ERROR;
				CLANG_WARN_UNREACHABLE_CODE = YES;
				CLANG_WARN__DUPLICATE_METHOD_MATCH = YES;
				"CODE_SIGN_IDENTITY[sdk=iphoneos*]" = "iPhone Developer";
				COPY_PHASE_STRIP = NO;
				CURRENT_PROJECT_VERSION = 1;
				DEBUG_INFORMATION_FORMAT = dwarf;
				ENABLE_STRICT_OBJC_MSGSEND = YES;
				ENABLE_TESTABILITY = YES;
				GCC_C_LANGUAGE_STANDARD = gnu99;
				GCC_DYNAMIC_NO_PIC = NO;
				GCC_NO_COMMON_BLOCKS = YES;
				GCC_OPTIMIZATION_LEVEL = 0;
				GCC_PREPROCESSOR_DEFINITIONS = (
					"DEBUG=1",
					"$(inherited)",
				);
				GCC_WARN_64_TO_32_BIT_CONVERSION = YES;
				GCC_WARN_ABOUT_RETURN_TYPE = YES_ERROR;
				GCC_WARN_UNDECLARED_SELECTOR = YES;
				GCC_WARN_UNINITIALIZED_AUTOS = YES_AGGRESSIVE;
				GCC_WARN_UNUSED_FUNCTION = YES;
				GCC_WARN_UNUSED_VARIABLE = YES;
				IPHONEOS_DEPLOYMENT_TARGET = 8.0;
				MTL_ENABLE_DEBUG_INFO = YES;
				ONLY_ACTIVE_ARCH = YES;
				SDKROOT = iphoneos;
				SWIFT_OPTIMIZATION_LEVEL = "-Onone";
				TARGETED_DEVICE_FAMILY = "1,2";
				VERSIONING_SYSTEM = "apple-generic";
				VERSION_INFO_PREFIX = "";
			};
			name = Debug;
		};
		C278CA9A1C40F146005DCFB5 /* Release */ = {
			isa = XCBuildConfiguration;
			buildSettings = {
				ALWAYS_SEARCH_USER_PATHS = NO;
				CLANG_CXX_LANGUAGE_STANDARD = "gnu++0x";
				CLANG_CXX_LIBRARY = "libc++";
				CLANG_ENABLE_MODULES = YES;
				CLANG_ENABLE_OBJC_ARC = YES;
				CLANG_WARN_BOOL_CONVERSION = YES;
				CLANG_WARN_CONSTANT_CONVERSION = YES;
				CLANG_WARN_DIRECT_OBJC_ISA_USAGE = YES_ERROR;
				CLANG_WARN_EMPTY_BODY = YES;
				CLANG_WARN_ENUM_CONVERSION = YES;
				CLANG_WARN_INT_CONVERSION = YES;
				CLANG_WARN_OBJC_ROOT_CLASS = YES_ERROR;
				CLANG_WARN_UNREACHABLE_CODE = YES;
				CLANG_WARN__DUPLICATE_METHOD_MATCH = YES;
				"CODE_SIGN_IDENTITY[sdk=iphoneos*]" = "iPhone Developer";
				COPY_PHASE_STRIP = NO;
				CURRENT_PROJECT_VERSION = 1;
				DEBUG_INFORMATION_FORMAT = "dwarf-with-dsym";
				ENABLE_NS_ASSERTIONS = NO;
				ENABLE_STRICT_OBJC_MSGSEND = YES;
				GCC_C_LANGUAGE_STANDARD = gnu99;
				GCC_NO_COMMON_BLOCKS = YES;
				GCC_WARN_64_TO_32_BIT_CONVERSION = YES;
				GCC_WARN_ABOUT_RETURN_TYPE = YES_ERROR;
				GCC_WARN_UNDECLARED_SELECTOR = YES;
				GCC_WARN_UNINITIALIZED_AUTOS = YES_AGGRESSIVE;
				GCC_WARN_UNUSED_FUNCTION = YES;
				GCC_WARN_UNUSED_VARIABLE = YES;
				IPHONEOS_DEPLOYMENT_TARGET = 8.0;
				MTL_ENABLE_DEBUG_INFO = NO;
				SDKROOT = iphoneos;
				TARGETED_DEVICE_FAMILY = "1,2";
				VALIDATE_PRODUCT = YES;
				VERSIONING_SYSTEM = "apple-generic";
				VERSION_INFO_PREFIX = "";
			};
			name = Release;
		};
		C278CA9C1C40F146005DCFB5 /* Debug */ = {
			isa = XCBuildConfiguration;
			buildSettings = {
				CLANG_ENABLE_MODULES = YES;
				DEFINES_MODULE = YES;
				DYLIB_COMPATIBILITY_VERSION = 1;
				DYLIB_CURRENT_VERSION = 1;
				DYLIB_INSTALL_NAME_BASE = "@rpath";
				FRAMEWORK_SEARCH_PATHS = (
					"$(inherited)",
					"$(PROJECT_DIR)/Carthage/Build/iOS",
				);
				INFOPLIST_FILE = QiitaKit/SupportingFiles/Info.plist;
				INSTALL_PATH = "$(LOCAL_LIBRARY_DIR)/Frameworks";
				IPHONEOS_DEPLOYMENT_TARGET = 8.0;
				LD_RUNPATH_SEARCH_PATHS = "$(inherited) @executable_path/Frameworks @loader_path/Frameworks";
				PRODUCT_BUNDLE_IDENTIFIER = "com.kyo--hei.QiitaKit";
				PRODUCT_NAME = "$(TARGET_NAME)";
				SKIP_INSTALL = YES;
				SWIFT_OPTIMIZATION_LEVEL = "-Onone";
			};
			name = Debug;
		};
		C278CA9D1C40F146005DCFB5 /* Release */ = {
			isa = XCBuildConfiguration;
			buildSettings = {
				CLANG_ENABLE_MODULES = YES;
				DEFINES_MODULE = YES;
				DYLIB_COMPATIBILITY_VERSION = 1;
				DYLIB_CURRENT_VERSION = 1;
				DYLIB_INSTALL_NAME_BASE = "@rpath";
				FRAMEWORK_SEARCH_PATHS = (
					"$(inherited)",
					"$(PROJECT_DIR)/Carthage/Build/iOS",
				);
				INFOPLIST_FILE = QiitaKit/SupportingFiles/Info.plist;
				INSTALL_PATH = "$(LOCAL_LIBRARY_DIR)/Frameworks";
				IPHONEOS_DEPLOYMENT_TARGET = 8.0;
				LD_RUNPATH_SEARCH_PATHS = "$(inherited) @executable_path/Frameworks @loader_path/Frameworks";
				PRODUCT_BUNDLE_IDENTIFIER = "com.kyo--hei.QiitaKit";
				PRODUCT_NAME = "$(TARGET_NAME)";
				SKIP_INSTALL = YES;
			};
			name = Release;
		};
		C278CA9F1C40F146005DCFB5 /* Debug */ = {
			isa = XCBuildConfiguration;
			buildSettings = {
				CLANG_ENABLE_MODULES = YES;
				FRAMEWORK_SEARCH_PATHS = (
					"$(inherited)",
					"$(PROJECT_DIR)/Carthage/Build/iOS",
				);
				INFOPLIST_FILE = QiitaKitTests/Info.plist;
				LD_RUNPATH_SEARCH_PATHS = "$(inherited) @executable_path/Frameworks @loader_path/Frameworks";
				PRODUCT_BUNDLE_IDENTIFIER = "com.kyo--hei.QiitaKitTests";
				PRODUCT_NAME = "$(TARGET_NAME)";
				SWIFT_OPTIMIZATION_LEVEL = "-Onone";
			};
			name = Debug;
		};
		C278CAA01C40F146005DCFB5 /* Release */ = {
			isa = XCBuildConfiguration;
			buildSettings = {
				CLANG_ENABLE_MODULES = YES;
				FRAMEWORK_SEARCH_PATHS = (
					"$(inherited)",
					"$(PROJECT_DIR)/Carthage/Build/iOS",
				);
				INFOPLIST_FILE = QiitaKitTests/Info.plist;
				LD_RUNPATH_SEARCH_PATHS = "$(inherited) @executable_path/Frameworks @loader_path/Frameworks";
				PRODUCT_BUNDLE_IDENTIFIER = "com.kyo--hei.QiitaKitTests";
				PRODUCT_NAME = "$(TARGET_NAME)";
			};
			name = Release;
		};
/* End XCBuildConfiguration section */

/* Begin XCConfigurationList section */
		C278CA811C40F146005DCFB5 /* Build configuration list for PBXProject "QiitaKit" */ = {
			isa = XCConfigurationList;
			buildConfigurations = (
				C278CA991C40F146005DCFB5 /* Debug */,
				C278CA9A1C40F146005DCFB5 /* Release */,
			);
			defaultConfigurationIsVisible = 0;
			defaultConfigurationName = Release;
		};
		C278CA9B1C40F146005DCFB5 /* Build configuration list for PBXNativeTarget "QiitaKit" */ = {
			isa = XCConfigurationList;
			buildConfigurations = (
				C278CA9C1C40F146005DCFB5 /* Debug */,
				C278CA9D1C40F146005DCFB5 /* Release */,
			);
			defaultConfigurationIsVisible = 0;
			defaultConfigurationName = Release;
		};
		C278CA9E1C40F146005DCFB5 /* Build configuration list for PBXNativeTarget "QiitaKitTests" */ = {
			isa = XCConfigurationList;
			buildConfigurations = (
				C278CA9F1C40F146005DCFB5 /* Debug */,
				C278CAA01C40F146005DCFB5 /* Release */,
			);
			defaultConfigurationIsVisible = 0;
			defaultConfigurationName = Release;
		};
/* End XCConfigurationList section */
	};
	rootObject = C278CA7E1C40F146005DCFB5 /* Project object */;
}
